<?xml version="1.0" encoding="utf-8"?>
<Project ToolsVersion="4.0" xmlns="http://schemas.microsoft.com/developer/msbuild/2003">
  <ItemGroup>
    <ClCompile Include="AssemblyInfo.cpp" />
    <ClCompile Include="..\..\..\djinni-output-temp\cppcli\CsClientInterface.hpp" />
    <ClCompile Include="..\..\..\djinni-output-temp\cppcli\CsClientReturnedRecord.hpp" />
    <ClCompile Include="..\..\..\djinni-output-temp\cppcli\CsColor.hpp" />
    <ClCompile Include="..\..\..\djinni-output-temp\cppcli\CsConflict.hpp" />
    <ClCompile Include="..\..\..\djinni-output-temp\cppcli\CsConflictUser.hpp" />
    <ClCompile Include="..\..\..\djinni-output-temp\cppcli\CsConstantRecord.hpp" />
    <ClCompile Include="..\..\..\djinni-output-temp\cppcli\CsConstants.hpp" />
    <ClCompile Include="..\..\..\djinni-output-temp\cppcli\CsConstantsInterface.hpp" />
    <ClCompile Include="..\..\..\djinni-output-temp\cppcli\CsCppException.hpp" />
    <ClCompile Include="..\..\..\djinni-output-temp\cppcli\CsCsOnlyListener.hpp" />
    <ClCompile Include="..\..\..\djinni-output-temp\cppcli\CsDateRecord.hpp" />
    <ClCompile Include="..\..\..\djinni-output-temp\cppcli\CsEmptyRecord.hpp" />
    <ClCompile Include="..\..\..\djinni-output-temp\cppcli\CsEnumUsageInterface.hpp" />
    <ClCompile Include="..\..\..\djinni-output-temp\cppcli\CsEnumUsageRecord.hpp" />
    <ClCompile Include="..\..\..\djinni-output-temp\cppcli\CsExtendedRecord.hpp" />
    <ClCompile Include="..\..\..\djinni-output-temp\cppcli\CsFirstListener.hpp" />
    <ClCompile Include="..\..\..\djinni-output-temp\cppcli\CsInterfaceUsingExtendedRecord.hpp" />
    <ClCompile Include="..\..\..\djinni-output-temp\cppcli\CsJavaOnlyListener.hpp" />
    <ClCompile Include="..\..\..\djinni-output-temp\cppcli\CsListenerCaller.hpp" />
    <ClCompile Include="..\..\..\djinni-output-temp\cppcli\CsMapDateRecord.hpp" />
    <ClCompile Include="..\..\..\djinni-output-temp\cppcli\CsMapListRecord.hpp" />
    <ClCompile Include="..\..\..\djinni-output-temp\cppcli\CsMapRecord.hpp" />
    <ClCompile Include="..\..\..\djinni-output-temp\cppcli\CsNestedCollection.hpp" />
    <ClCompile Include="..\..\..\djinni-output-temp\cppcli\CsObjcOnlyListener.hpp" />
    <ClCompile Include="..\..\..\djinni-output-temp\cppcli\CsPrimitiveList.hpp" />
    <ClCompile Include="..\..\..\djinni-output-temp\cppcli\CsPyOnlyListener.hpp" />
    <ClCompile Include="..\..\..\djinni-output-temp\cppcli\CsRecordUsingExtendedRecord.hpp" />
    <ClCompile Include="..\..\..\djinni-output-temp\cppcli\CsRecordWithDerivings.hpp" />
    <ClCompile Include="..\..\..\djinni-output-temp\cppcli\CsRecordWithDurationAndDerivings.hpp" />
    <ClCompile Include="..\..\..\djinni-output-temp\cppcli\CsRecordWithNestedDerivings.hpp" />
    <ClCompile Include="..\..\..\djinni-output-temp\cppcli\CsReturnOne.hpp" />
    <ClCompile Include="..\..\..\djinni-output-temp\cppcli\CsReturnTwo.hpp" />
    <ClCompile Include="..\..\..\djinni-output-temp\cppcli\CsReverseClientInterface.hpp" />
    <ClCompile Include="..\..\..\djinni-output-temp\cppcli\CsSecondListener.hpp" />
    <ClCompile Include="..\..\..\djinni-output-temp\cppcli\CsSetRecord.hpp" />
    <ClCompile Include="..\..\..\djinni-output-temp\cppcli\CsTestDuration.hpp" />
    <ClCompile Include="..\..\..\djinni-output-temp\cppcli\CsTestHelpers.hpp" />
    <ClCompile Include="..\..\..\djinni-output-temp\cppcli\CsUserToken.hpp" />
    <ClCompile Include="..\..\..\djinni-output-temp\cppcli\CsUsesSingleLanguageListeners.hpp" />
    <ClCompile Include="..\..\..\djinni-output-temp\cppcli\CsVarnameInterface.hpp" />
    <ClCompile Include="..\..\..\djinni-output-temp\cppcli\CsVarnameRecord.hpp" />
    <ClCompile Include="..\..\..\djinni-output-temp\cppcli\*.hpp" />
    <ClCompile Include="..\..\..\djinni-output-temp\cppcli\*.hpp" />
    <ClCompile Include="..\..\..\djinni-output-temp\cppcli\*.hpp" />
    <ClCompile Include="..\..\..\djinni-output-temp\cppcli\*.hpp" />
    <ClCompile Include="..\..\..\djinni-output-temp\cppcli\*.hpp" />
    <ClCompile Include="..\..\..\djinni-output-temp\cppcli\*.hpp" />
    <ClCompile Include="..\..\..\djinni-output-temp\cppcli\*.hpp" />
    <ClCompile Include="..\..\..\djinni-output-temp\cppcli\*.hpp" />
    <ClCompile Include="..\..\..\djinni-output-temp\cppcli\*.hpp" />
    <ClCompile Include="..\..\..\djinni-output-temp\cppcli\*.hpp" />
    <ClCompile Include="..\..\..\djinni-output-temp\cppcli\*.hpp" />
    <ClCompile Include="..\..\..\djinni-output-temp\cppcli\*.hpp" />
    <ClCompile Include="..\..\..\djinni-output-temp\cppcli\*.hpp" />
    <ClCompile Include="..\..\..\djinni-output-temp\cppcli\*.hpp" />
    <ClCompile Include="..\..\..\djinni-output-temp\cppcli\*.hpp" />
    <ClCompile Include="..\..\..\djinni-output-temp\cppcli\*.hpp" />
    <ClCompile Include="..\..\..\djinni-output-temp\cppcli\*.hpp" />
    <ClCompile Include="..\..\..\djinni-output-temp\cppcli\*.hpp" />
    <ClCompile Include="..\..\..\djinni-output-temp\cppcli\*.hpp" />
    <ClCompile Include="..\..\..\djinni-output-temp\cppcli\*.hpp" />
    <ClCompile Include="..\..\..\djinni-output-temp\cppcli\*.hpp" />
    <ClCompile Include="..\..\..\djinni-output-temp\cppcli\*.hpp" />
    <ClCompile Include="..\..\..\djinni-output-temp\cppcli\*.hpp" />
    <ClCompile Include="..\..\..\djinni-output-temp\cppcli\*.hpp" />
    <ClCompile Include="..\..\..\djinni-output-temp\cppcli\*.hpp" />
    <ClCompile Include="..\..\..\djinni-output-temp\cppcli\*.hpp" />
    <ClCompile Include="..\..\..\djinni-output-temp\cppcli\*.hpp" />
    <ClCompile Include="..\..\..\djinni-output-temp\cppcli\*.hpp" />
    <ClCompile Include="..\..\..\djinni-output-temp\cppcli\*.hpp" />
    <ClCompile Include="..\..\..\djinni-output-temp\cppcli\*.hpp" />
    <ClCompile Include="..\..\..\djinni-output-temp\cppcli\*.hpp" />
    <ClCompile Include="..\..\..\djinni-output-temp\cppcli\*.hpp" />
    <ClCompile Include="..\..\..\djinni-output-temp\cppcli\*.hpp" />
    <ClCompile Include="..\..\..\djinni-output-temp\cppcli\*.hpp" />
    <ClCompile Include="..\..\..\djinni-output-temp\cppcli\*.hpp" />
    <ClCompile Include="..\..\..\djinni-output-temp\cppcli\*.hpp" />
    <ClCompile Include="..\..\..\djinni-output-temp\cppcli\*.hpp" />
    <ClCompile Include="..\..\..\djinni-output-temp\cppcli\*.hpp" />
    <ClCompile Include="..\..\..\djinni-output-temp\cppcli\*.hpp" />
    <ClCompile Include="..\..\..\djinni-output-temp\cppcli\*.hpp" />
    <ClCompile Include="..\..\..\djinni-output-temp\cppcli\*.hpp" />
    <ClCompile Include="..\..\..\djinni-output-temp\cppcli\*.hpp" />
    <ClCompile Include="..\..\..\djinni-output-temp\cppcli\*.hpp" />
    <ClCompile Include="..\..\..\djinni-output-temp\cppcli\*.hpp" />
    <ClCompile Include="..\..\..\djinni-output-temp\cppcli\*.hpp" />
    <ClCompile Include="..\..\..\djinni-output-temp\cppcli\*.hpp" />
    <ClCompile Include="..\..\..\djinni-output-temp\cppcli\*.hpp" />
    <ClCompile Include="..\..\..\djinni-output-temp\cppcli\*.hpp" />
    <ClCompile Include="..\..\..\djinni-output-temp\cppcli\*.hpp" />
    <ClCompile Include="..\..\..\djinni-output-temp\cppcli\*.hpp" />
    <ClCompile Include="..\..\..\djinni-output-temp\cppcli\*.hpp" />
    <ClCompile Include="..\..\..\djinni-output-temp\cppcli\*.hpp" />
    <ClCompile Include="..\..\..\djinni-output-temp\cppcli\*.hpp" />
    <ClCompile Include="..\..\..\djinni-output-temp\cppcli\*.hpp" />
    <ClCompile Include="..\..\..\djinni-output-temp\cppcli\*.hpp" />
    <ClCompile Include="..\..\..\djinni-output-temp\cppcli\*.hpp" />
    <ClCompile Include="..\..\..\djinni-output-temp\cppcli\*.hpp" />
    <ClCompile Include="..\..\..\djinni-output-temp\cppcli\*.hpp" />
    <ClCompile Include="..\..\..\djinni-output-temp\cppcli\*.hpp" />
    <ClCompile Include="..\..\..\djinni-output-temp\cppcli\*.hpp" />
    <ClCompile Include="..\..\..\djinni-output-temp\cppcli\*.hpp" />
    <ClCompile Include="..\..\..\djinni-output-temp\cppcli\*.hpp" />
    <ClCompile Include="..\..\..\djinni-output-temp\cppcli\*.hpp" />
    <ClCompile Include="..\..\..\djinni-output-temp\cppcli\*.hpp" />
    <ClCompile Include="..\..\..\djinni-output-temp\cppcli\*.hpp" />
    <ClCompile Include="..\..\..\djinni-output-temp\cppcli\*.hpp" />
    <ClCompile Include="..\..\..\djinni-output-temp\cppcli\*.hpp" />
    <ClCompile Include="..\..\..\djinni-output-temp\cppcli\*.hpp" />
    <ClCompile Include="..\..\..\djinni-output-temp\cppcli\*.hpp" />
    <ClCompile Include="..\..\..\djinni-output-temp\cppcli\*.hpp" />
    <ClCompile Include="..\..\..\djinni-output-temp\cppcli\*.hpp" />
    <ClCompile Include="..\..\..\djinni-output-temp\cppcli\*.hpp" />
    <ClCompile Include="..\..\..\djinni-output-temp\cppcli\*.hpp" />
    <ClCompile Include="..\..\..\djinni-output-temp\cppcli\*.hpp" />
    <ClCompile Include="..\..\..\djinni-output-temp\cppcli\*.hpp" />
    <ClCompile Include="..\..\..\djinni-output-temp\cppcli\*.hpp" />
    <ClCompile Include="..\..\..\djinni-output-temp\cppcli\*.h" />
    <ClCompile Include="..\..\..\djinni-output-temp\cppcli\*.h" />
    <ClCompile Include="..\..\..\djinni-output-temp\cppcli\*.h" />
    <ClCompile Include="..\..\..\djinni-output-temp\cppcli\*.h" />
    <ClCompile Include="..\..\..\djinni-output-temp\cppcli\*.h" />
    <ClCompile Include="..\..\..\djinni-output-temp\cppcli\*.h" />
    <ClCompile Include="..\..\..\djinni-output-temp\cppcli\*.h" />
    <ClCompile Include="..\..\..\djinni-output-temp\cppcli\*.h" />
    <ClCompile Include="..\..\..\djinni-output-temp\cppcli\*.h" />
    <ClCompile Include="..\..\..\djinni-output-temp\cppcli\*.h" />
    <ClCompile Include="..\..\..\djinni-output-temp\cppcli\*.h" />
    <ClCompile Include="..\..\..\djinni-output-temp\cppcli\*.h" />
    <ClCompile Include="..\..\..\djinni-output-temp\cppcli\*.h" />
    <ClCompile Include="..\..\..\djinni-output-temp\cppcli\*.h" />
    <ClCompile Include="..\..\..\djinni-output-temp\cppcli\*.h" />
    <ClCompile Include="..\..\..\djinni-output-temp\cppcli\*.h" />
    <ClCompile Include="..\..\..\djinni-output-temp\cppcli\*.h" />
    <ClCompile Include="..\..\..\djinni-output-temp\cppcli\*.h" />
    <ClCompile Include="..\..\..\djinni-output-temp\cppcli\*.h" />
    <ClCompile Include="..\..\..\djinni-output-temp\cppcli\*.h" />
    <ClCompile Include="..\..\..\djinni-output-temp\cppcli\*.h" />
    <ClCompile Include="..\..\..\djinni-output-temp\cppcli\*.h" />
    <ClCompile Include="..\..\..\djinni-output-temp\cppcli\*.h" />
    <ClCompile Include="..\..\..\djinni-output-temp\cppcli\*.h" />
    <ClCompile Include="..\..\..\djinni-output-temp\cppcli\*.h" />
    <ClCompile Include="..\..\..\djinni-output-temp\cppcli\*.h" />
    <ClCompile Include="..\..\..\djinni-output-temp\cppcli\*.h" />
    <ClCompile Include="..\..\..\djinni-output-temp\cppcli\*.h" />
    <ClCompile Include="..\..\..\djinni-output-temp\cppcli\*.h" />
    <ClCompile Include="..\..\..\djinni-output-temp\cppcli\*.h" />
    <ClCompile Include="..\..\..\djinni-output-temp\cppcli\*.h" />
    <ClCompile Include="..\..\..\djinni-output-temp\cppcli\*.h" />
    <ClCompile Include="..\..\..\djinni-output-temp\cppcli\*.h" />
    <ClCompile Include="..\..\..\djinni-output-temp\cppcli\*.h" />
    <ClCompile Include="..\..\..\djinni-output-temp\cppcli\*.h" />
    <ClCompile Include="..\..\..\djinni-output-temp\cppcli\*.h" />
    <ClCompile Include="..\..\..\djinni-output-temp\cppcli\*.h" />
    <ClCompile Include="..\..\..\djinni-output-temp\cppcli\*.h" />
    <ClCompile Include="..\..\..\djinni-output-temp\cppcli\*.h" />
    <ClCompile Include="..\..\..\djinni-output-temp\cppcli\*.h" />
    <ClCompile Include="..\..\..\djinni-output-temp\cppcli\*.h" />
    <ClCompile Include="..\..\..\djinni-output-temp\cppcli\*.h" />
    <ClCompile Include="..\..\..\djinni-output-temp\cppcli\*.h" />
    <ClCompile Include="..\..\..\djinni-output-temp\cppcli\*.h" />
    <ClCompile Include="..\..\..\djinni-output-temp\cppcli\*.h" />
    <ClCompile Include="..\..\..\djinni-output-temp\cppcli\*.h" />
    <ClCompile Include="..\..\..\djinni-output-temp\cppcli\*.h" />
    <ClCompile Include="..\..\..\djinni-output-temp\cppcli\*.h" />
    <ClCompile Include="..\..\..\djinni-output-temp\cppcli\*.h" />
    <ClCompile Include="..\..\..\djinni-output-temp\cppcli\*.h" />
    <ClCompile Include="..\..\..\djinni-output-temp\cppcli\*.h" />
    <ClCompile Include="..\..\..\djinni-output-temp\cppcli\*.h" />
    <ClCompile Include="..\..\..\djinni-output-temp\cppcli\*.h" />
    <ClCompile Include="..\..\..\djinni-output-temp\cppcli\*.h" />
    <ClCompile Include="..\..\..\djinni-output-temp\cppcli\*.h" />
    <ClCompile Include="..\..\..\djinni-output-temp\cppcli\*.h" />
    <ClCompile Include="..\..\..\djinni-output-temp\cppcli\*.cpp" />
    <ClCompile Include="..\..\..\djinni-output-temp\cppcli\*.cpp" />
    <ClCompile Include="..\..\..\djinni-output-temp\cppcli\*.cpp" />
    <ClCompile Include="..\..\..\djinni-output-temp\cppcli\*.cpp" />
    <ClCompile Include="..\..\..\djinni-output-temp\cppcli\*.cpp" />
    <ClCompile Include="..\..\..\djinni-output-temp\cppcli\*.cpp" />
    <ClCompile Include="..\..\..\djinni-output-temp\cppcli\*.cpp" />
    <ClCompile Include="..\..\..\djinni-output-temp\cppcli\*.cpp" />
    <ClCompile Include="..\..\..\djinni-output-temp\cppcli\*.cpp" />
    <ClCompile Include="..\..\..\djinni-output-temp\cppcli\*.cpp" />
    <ClCompile Include="..\..\..\djinni-output-temp\cppcli\*.cpp" />
    <ClCompile Include="..\..\..\djinni-output-temp\cppcli\*.cpp" />
    <ClCompile Include="..\..\..\djinni-output-temp\cppcli\*.cpp" />
    <ClCompile Include="..\..\..\djinni-output-temp\cppcli\*.cpp" />
    <ClCompile Include="..\..\..\djinni-output-temp\cppcli\*.cpp" />
    <ClCompile Include="..\..\..\djinni-output-temp\cppcli\*.cpp" />
    <ClCompile Include="..\..\..\djinni-output-temp\cppcli\*.cpp" />
    <ClCompile Include="..\..\..\djinni-output-temp\cppcli\*.cpp" />
    <ClCompile Include="..\..\..\djinni-output-temp\cppcli\*.cpp" />
    <ClCompile Include="..\..\..\djinni-output-temp\cppcli\*.cpp" />
    <ClCompile Include="..\..\..\djinni-output-temp\cppcli\*.cpp" />
    <ClCompile Include="Stdafx.cpp" />
    <ClCompile Include="..\..\..\djinni-output-temp\cppcli\*.cpp" />
    <ClCompile Include="..\..\..\djinni-output-temp\cppcli\*.cpp" />
    <ClCompile Include="..\..\..\djinni-output-temp\cppcli\*.cpp" />
    <ClCompile Include="..\..\..\djinni-output-temp\cppcli\*.cpp" />
    <ClCompile Include="..\..\..\djinni-output-temp\cppcli\*.cpp" />
    <ClCompile Include="..\..\..\djinni-output-temp\cppcli\*.cpp" />
    <ClCompile Include="..\..\..\djinni-output-temp\cppcli\*.cpp" />
    <ClCompile Include="..\..\..\djinni-output-temp\cppcli\*.cpp" />
    <ClCompile Include="..\..\..\djinni-output-temp\cppcli\*.cpp" />
    <ClCompile Include="..\..\..\djinni-output-temp\cppcli\*.cpp" />
    <ClCompile Include="..\..\..\djinni-output-temp\cppcli\*.cpp" />
    <ClCompile Include="..\..\..\djinni-output-temp\cppcli\*.cpp" />
    <ClCompile Include="..\..\..\djinni-output-temp\cppcli\*.cpp" />
    <ClCompile Include="..\..\..\djinni-output-temp\cppcli\*.cpp" />
    <ClCompile Include="..\..\..\djinni-output-temp\cppcli\*.cpp" />
    <ClCompile Include="..\..\..\djinni-output-temp\cppcli\*.cpp" />
    <ClCompile Include="..\..\..\djinni-output-temp\cppcli\*.cpp" />
    <ClCompile Include="..\..\..\djinni-output-temp\cppcli\*.cpp" />
    <ClCompile Include="..\..\..\djinni-output-temp\cppcli\*.cpp" />
    <ClCompile Include="..\..\..\djinni-output-temp\cppcli\*.cpp" />
    <ClCompile Include="..\..\..\djinni-output-temp\cppcli\*.cpp" />
    <ClCompile Include="..\..\..\djinni-output-temp\cppcli\*.cpp" />
    <ClCompile Include="..\..\..\djinni-output-temp\cppcli\*.cpp" />
    <ClCompile Include="..\..\..\djinni-output-temp\cppcli\*.cpp" />
    <ClCompile Include="..\..\..\djinni-output-temp\cppcli\*.cpp" />
    <ClCompile Include="..\..\..\djinni-output-temp\cppcli\*.cpp" />
    <ClCompile Include="..\..\..\djinni-output-temp\cppcli\*.cpp" />
    <ClCompile Include="..\..\..\djinni-output-temp\cppcli\*.cpp" />
    <ClCompile Include="..\..\..\djinni-output-temp\cppcli\*.cpp" />
    <ClCompile Include="..\..\..\djinni-output-temp\cppcli\*.cpp" />
    <ClCompile Include="..\..\..\djinni-output-temp\cppcli\*.cpp" />
    <ClCompile Include="..\..\..\djinni-output-temp\cppcli\*.cpp" />
    <ClCompile Include="..\..\..\djinni-output-temp\cppcli\*.cpp" />
    <ClCompile Include="..\..\..\djinni-output-temp\cppcli\*.cpp" />
    <ClCompile Include="..\..\..\djinni-output-temp\cppcli\*.cpp" />
    <ClCompile Include="..\..\..\djinni-output-temp\cppcli\*.cpp" />
    <ClCompile Include="..\..\..\djinni-output-temp\cppcli\*.cpp" />
    <ClCompile Include="..\..\..\djinni-output-temp\cppcli\*.cpp" />
    <ClCompile Include="..\..\..\djinni-output-temp\cppcli\*.cpp" />
    <ClCompile Include="..\..\..\djinni-output-temp\cppcli\*.cpp" />
    <ClCompile Include="..\..\..\djinni-output-temp\cppcli\*.cpp" />
    <ClCompile Include="..\..\..\djinni-output-temp\cppcli\*.cpp" />
    <ClCompile Include="..\..\..\djinni-output-temp\cppcli\*.cpp" />
    <ClCompile Include="..\..\..\djinni-output-temp\cppcli\*.cpp" />
    <ClCompile Include="..\..\..\djinni-output-temp\cppcli\*.cpp" />
    <ClCompile Include="..\..\..\djinni-output-temp\cppcli\*.cpp" />
    <ClCompile Include="..\..\..\djinni-output-temp\cppcli\*.cpp" />
    <ClCompile Include="..\..\..\djinni-output-temp\cppcli\*.cpp" />
    <ClCompile Include="..\..\..\djinni-output-temp\cppcli\*.cpp" />
    <ClCompile Include="..\..\..\djinni-output-temp\cppcli\*.cpp" />
    <ClCompile Include="..\..\..\djinni-output-temp\cppcli\*.cpp" />
    <ClCompile Include="..\..\..\djinni-output-temp\cppcli\*.cpp" />
    <ClCompile Include="..\..\..\djinni-output-temp\cppcli\*.cpp" />
    <ClCompile Include="..\..\..\djinni-output-temp\cppcli\*.cpp" />
    <ClCompile Include="..\..\..\djinni-output-temp\cppcli\*.cpp" />
    <ClCompile Include="..\..\..\djinni-output-temp\cppcli\*.cpp" />
    <ClCompile Include="..\..\..\djinni-output-temp\cppcli\*.cpp" />
    <ClCompile Include="..\..\..\djinni-output-temp\cppcli\*.cpp" />
    <ClCompile Include="..\..\..\djinni-output-temp\cppcli\*.cpp" />
    <ClCompile Include="..\..\..\djinni-output-temp\cppcli\*.cpp" />
    <ClCompile Include="..\..\..\djinni-output-temp\cppcli\*.cpp" />
    <ClCompile Include="..\..\..\djinni-output-temp\cppcli\*.cpp" />
    <ClCompile Include="..\..\..\djinni-output-temp\cppcli\*.cpp" />
    <ClCompile Include="..\..\..\djinni-output-temp\cppcli\*.cpp" />
    <ClCompile Include="..\..\..\djinni-output-temp\cppcli\*.cpp" />
    <ClCompile Include="..\..\..\djinni-output-temp\cppcli\*.cpp" />
    <ClCompile Include="..\..\..\djinni-output-temp\cppcli\*.cpp" />
    <ClCompile Include="..\..\..\djinni-output-temp\cppcli\*.cpp" />
    <ClCompile Include="..\..\..\djinni-output-temp\cppcli\*.cpp" />
    <ClCompile Include="..\..\..\djinni-output-temp\cppcli\*.cpp" />
    <ClCompile Include="..\..\..\djinni-output-temp\cppcli\*.cpp" />
    <ClCompile Include="..\..\..\djinni-output-temp\cppcli\*.cpp" />
    <ClCompile Include="..\..\..\djinni-output-temp\cppcli\*.cpp" />
    <ClCompile Include="..\..\..\djinni-output-temp\cppcli\*.cpp" />
    <ClCompile Include="..\..\..\djinni-output-temp\cppcli\*.cpp" />
    <ClCompile Include="..\..\..\djinni-output-temp\cppcli\*.cpp" />
    <ClCompile Include="..\..\..\djinni-output-temp\cppcli\*.cpp" />
    <ClCompile Include="..\..\..\djinni-output-temp\cppcli\*.cpp" />
    <ClCompile Include="..\..\..\djinni-output-temp\cppcli\*.cpp" />
    <ClCompile Include="..\..\..\djinni-output-temp\cppcli\*.cpp" />
    <ClCompile Include="..\..\..\djinni-output-temp\cppcli\*.cpp" />
    <ClCompile Include="..\..\..\djinni-output-temp\cppcli\*.cpp" />
    <ClCompile Include="..\..\..\djinni-output-temp\cppcli\*.cpp" />
    <ClCompile Include="..\..\..\djinni-output-temp\cppcli\*.cpp" />
    <ClCompile Include="..\..\..\djinni-output-temp\cppcli\*.cpp" />
    <ClCompile Include="..\..\..\djinni-output-temp\cppcli\*.cpp" />
    <ClCompile Include="..\..\..\djinni-output-temp\cppcli\*.cpp" />
    <ClCompile Include="..\..\..\djinni-output-temp\cppcli\*.cpp" />
    <ClCompile Include="..\..\..\djinni-output-temp\cppcli\*.cpp" />
    <ClCompile Include="..\..\..\djinni-output-temp\cppcli\*.cpp" />
    <ClCompile Include="..\..\..\djinni-output-temp\cppcli\*.cpp" />
    <ClCompile Include="..\..\..\djinni-output-temp\cppcli\*.cpp" />
    <ClCompile Include="..\..\..\djinni-output-temp\cppcli\*.cpp" />
    <ClCompile Include="..\..\..\djinni-output-temp\cppcli\*.cpp" />
    <ClCompile Include="..\..\..\djinni-output-temp\cppcli\*.cpp" />
    <ClCompile Include="..\..\..\djinni-output-temp\cppcli\*.cpp" />
    <ClCompile Include="..\..\..\djinni-output-temp\cppcli\*.cpp" />
    <ClCompile Include="..\..\..\djinni-output-temp\cppcli\*.cpp" />
    <ClCompile Include="..\..\..\djinni-output-temp\cppcli\*.cpp" />
    <ClCompile Include="..\..\..\djinni-output-temp\cppcli\*.cpp" />
    <ClCompile Include="..\..\..\djinni-output-temp\cppcli\*.cpp" />
    <ClCompile Include="..\..\..\djinni-output-temp\cppcli\*.cpp" />
    <ClCompile Include="..\..\..\djinni-output-temp\cppcli\*.cpp" />
    <ClCompile Include="..\..\..\djinni-output-temp\cppcli\*.cpp" />
    <ClCompile Include="..\..\..\djinni-output-temp\cppcli\*.cpp" />
    <ClCompile Include="..\..\..\djinni-output-temp\cppcli\*.cpp" />
    <ClCompile Include="..\..\..\djinni-output-temp\cppcli\*.cpp" />
    <ClCompile Include="..\..\..\djinni-output-temp\cppcli\*.cpp" />
    <ClCompile Include="..\..\..\djinni-output-temp\cppcli\*.cpp" />
    <ClCompile Include="..\..\..\djinni-output-temp\cppcli\*.cpp" />
    <ClCompile Include="..\..\..\djinni-output-temp\cppcli\*.cpp" />
    <ClCompile Include="..\..\..\djinni-output-temp\cppcli\*.cpp" />
    <ClCompile Include="..\..\..\djinni-output-temp\cppcli\*.cpp" />
    <ClCompile Include="..\..\..\djinni-output-temp\cppcli\*.cpp" />
    <ClCompile Include="..\..\..\djinni-output-temp\cppcli\*.cpp" />
    <ClCompile Include="..\..\..\djinni-output-temp\cppcli\*.cpp" />
    <ClCompile Include="..\..\..\djinni-output-temp\cppcli\*.cpp" />
    <ClCompile Include="..\..\..\djinni-output-temp\cppcli\*.cpp" />
    <ClCompile Include="..\..\..\djinni-output-temp\cppcli\*.cpp" />
    <ClCompile Include="..\..\..\djinni-output-temp\cppcli\*.cpp" />
    <ClCompile Include="..\..\..\djinni-output-temp\cppcli\*.cpp" />
    <ClCompile Include="..\..\..\djinni-output-temp\cppcli\*.cpp" />
    <ClCompile Include="..\..\..\djinni-output-temp\cppcli\*.cpp" />
    <ClCompile Include="..\..\..\djinni-output-temp\cppcli\*.cpp" />
    <ClCompile Include="..\..\..\djinni-output-temp\cppcli\*.cpp" />
    <ClCompile Include="..\..\..\djinni-output-temp\cppcli\*.cpp" />
    <ClCompile Include="..\..\..\djinni-output-temp\cppcli\*.cpp" />
    <ClCompile Include="..\..\..\djinni-output-temp\cppcli\*.cpp" />
    <ClCompile Include="..\..\..\djinni-output-temp\cppcli\*.cpp" />
    <ClCompile Include="..\..\..\djinni-output-temp\cppcli\*.cpp" />
    <ClCompile Include="..\..\..\djinni-output-temp\cppcli\*.cpp" />
    <ClCompile Include="..\..\..\djinni-output-temp\cppcli\*.cpp" />
    <ClCompile Include="..\..\..\djinni-output-temp\cppcli\*.cpp" />
    <ClCompile Include="..\..\..\djinni-output-temp\cppcli\*.cpp" />
    <ClCompile Include="..\..\..\djinni-output-temp\cppcli\*.cpp" />
    <ClCompile Include="..\..\..\djinni-output-temp\cppcli\*.cpp" />
    <ClCompile Include="..\..\..\djinni-output-temp\cppcli\*.cpp" />
    <ClCompile Include="..\..\..\djinni-output-temp\cppcli\*.cpp" />
    <ClCompile Include="..\..\..\djinni-output-temp\cppcli\*.cpp" />
    <ClCompile Include="..\..\..\djinni-output-temp\cppcli\*.cpp" />
    <ClCompile Include="..\..\..\djinni-output-temp\cppcli\*.cpp" />
    <ClCompile Include="..\..\..\djinni-output-temp\cppcli\*.cpp" />
    <ClCompile Include="..\..\..\djinni-output-temp\cppcli\*.cpp" />
    <ClCompile Include="..\..\..\djinni-output-temp\cppcli\*.cpp" />
    <ClCompile Include="..\..\..\djinni-output-temp\cppcli\*.cpp" />
    <ClCompile Include="..\..\..\djinni-output-temp\cppcli\*.cpp" />
    <ClCompile Include="..\..\..\djinni-output-temp\cppcli\*.cpp" />
    <ClCompile Include="..\..\..\djinni-output-temp\cppcli\*.cpp" />
    <ClCompile Include="..\..\..\djinni-output-temp\cppcli\*.cpp" />
    <ClCompile Include="..\..\..\djinni-output-temp\cppcli\*.cpp" />
    <ClCompile Include="..\..\..\djinni-output-temp\cppcli\*.cpp" />
    <ClCompile Include="..\..\..\djinni-output-temp\cppcli\*.cpp" />
    <ClCompile Include="..\..\..\djinni-output-temp\cppcli\*.cpp" />
    <ClCompile Include="..\..\..\djinni-output-temp\cppcli\*.cpp" />
    <ClCompile Include="..\..\..\djinni-output-temp\cppcli\*.cpp" />
    <ClCompile Include="..\..\..\djinni-output-temp\cppcli\*.cpp" />
    <ClCompile Include="..\..\..\djinni-output-temp\cppcli\*.cpp" />
    <ClCompile Include="..\..\..\djinni-output-temp\cppcli\*.cpp" />
    <ClCompile Include="..\..\..\djinni-output-temp\cppcli\*.cpp" />
    <ClCompile Include="..\..\..\djinni-output-temp\cppcli\*.cpp" />
    <ClCompile Include="..\..\..\djinni-output-temp\cppcli\*.cpp" />
    <ClCompile Include="..\..\..\djinni-output-temp\cppcli\*.cpp" />
    <ClCompile Include="..\..\..\djinni-output-temp\cppcli\*.cpp" />
    <ClCompile Include="..\..\..\djinni-output-temp\cppcli\*.cpp" />
    <ClCompile Include="..\..\..\djinni-output-temp\cppcli\*.cpp" />
    <ClCompile Include="..\..\..\djinni-output-temp\cppcli\*.cpp" />
    <ClCompile Include="..\..\..\djinni-output-temp\cppcli\*.cpp" />
    <ClCompile Include="..\..\..\djinni-output-temp\cppcli\*.cpp" />
    <ClCompile Include="..\..\..\djinni-output-temp\cppcli\*.cpp" />
    <ClCompile Include="..\..\..\djinni-output-temp\cppcli\*.cpp" />
    <ClCompile Include="..\..\..\djinni-output-temp\cppcli\*.cpp" />
    <ClCompile Include="..\..\..\djinni-output-temp\cppcli\*.cpp" />
    <ClCompile Include="..\..\..\djinni-output-temp\cppcli\*.cpp" />
    <ClCompile Include="..\..\..\djinni-output-temp\cppcli\*.cpp" />
    <ClCompile Include="..\..\..\djinni-output-temp\cppcli\*.cpp" />
    <ClCompile Include="..\..\..\djinni-output-temp\cppcli\*.cpp" />
    <ClCompile Include="..\..\..\djinni-output-temp\cppcli\*.cpp" />
    <ClCompile Include="..\..\..\djinni-output-temp\cppcli\*.cpp" />
    <ClCompile Include="..\..\..\djinni-output-temp\cppcli\*.cpp" />
    <ClCompile Include="..\..\..\djinni-output-temp\cppcli\*.cpp" />
    <ClCompile Include="..\..\..\djinni-output-temp\cppcli\*.cpp" />
    <ClCompile Include="..\..\..\djinni-output-temp\cppcli\*.cpp" />
    <ClCompile Include="..\..\..\djinni-output-temp\cppcli\*.cpp" />
    <ClCompile Include="..\..\..\djinni-output-temp\cppcli\*.cpp" />
    <ClCompile Include="..\..\..\djinni-output-temp\cppcli\*.cpp" />
    <ClCompile Include="..\..\..\djinni-output-temp\cppcli\*.cpp" />
    <ClCompile Include="..\..\..\djinni-output-temp\cppcli\*.cpp" />
    <ClCompile Include="..\..\..\djinni-output-temp\cppcli\*.cpp" />
    <ClCompile Include="..\..\..\djinni-output-temp\cppcli\*.cpp" />
    <ClCompile Include="..\..\..\djinni-output-temp\cppcli\*.cpp" />
    <ClCompile Include="..\..\..\djinni-output-temp\cppcli\*.cpp" />
    <ClCompile Include="..\..\..\djinni-output-temp\cppcli\*.cpp" />
    <ClCompile Include="..\..\..\djinni-output-temp\cppcli\*.cpp" />
    <ClCompile Include="..\..\..\djinni-output-temp\cppcli\*.cpp" />
    <ClCompile Include="..\..\..\djinni-output-temp\cppcli\*.cpp" />
    <ClCompile Include="..\..\..\djinni-output-temp\cppcli\*.cpp" />
    <ClCompile Include="..\..\..\djinni-output-temp\cppcli\*.cpp" />
    <ClCompile Include="..\..\..\djinni-output-temp\cppcli\*.cpp" />
    <ClCompile Include="..\..\..\djinni-output-temp\cppcli\*.cpp" />
    <ClCompile Include="..\..\..\djinni-output-temp\cppcli\*.cpp" />
    <ClCompile Include="..\..\..\djinni-output-temp\cppcli\*.cpp" />
    <ClCompile Include="..\..\..\djinni-output-temp\cppcli\*.cpp" />
    <ClCompile Include="..\..\..\djinni-output-temp\cppcli\*.cpp" />
    <ClCompile Include="..\..\..\djinni-output-temp\cppcli\*.cpp" />
    <ClCompile Include="..\..\..\djinni-output-temp\cppcli\*.cpp" />
    <ClCompile Include="..\..\..\djinni-output-temp\cppcli\*.cpp" />
    <ClCompile Include="..\..\..\djinni-output-temp\cppcli\*.cpp" />
    <ClCompile Include="..\..\..\djinni-output-temp\cppcli\*.cpp" />
    <ClCompile Include="..\..\..\djinni-output-temp\cppcli\*.cpp" />
    <ClCompile Include="..\..\..\djinni-output-temp\cppcli\*.cpp" />
    <ClCompile Include="..\..\..\djinni-output-temp\cppcli\*.cpp" />
    <ClCompile Include="..\..\..\djinni-output-temp\cppcli\*.cpp" />
    <ClCompile Include="..\..\..\djinni-output-temp\cppcli\*.cpp" />
    <ClCompile Include="..\..\..\djinni-output-temp\cppcli\*.cpp" />
    <ClCompile Include="..\..\..\djinni-output-temp\cppcli\*.cpp" />
    <ClCompile Include="..\..\..\djinni-output-temp\cppcli\*.cpp" />
    <ClCompile Include="..\..\..\djinni-output-temp\cppcli\*.cpp" />
    <ClCompile Include="..\..\..\djinni-output-temp\cppcli\*.cpp" />
    <ClCompile Include="..\..\..\djinni-output-temp\cppcli\*.cpp" />
    <ClCompile Include="..\..\..\djinni-output-temp\cppcli\*.cpp" />
    <ClCompile Include="..\..\..\djinni-output-temp\cppcli\*.cpp" />
    <ClCompile Include="..\..\..\djinni-output-temp\cppcli\*.cpp" />
    <ClCompile Include="..\..\..\djinni-output-temp\cppcli\*.cpp" />
    <ClCompile Include="..\..\..\djinni-output-temp\cppcli\*.cpp" />
    <ClCompile Include="..\..\..\djinni-output-temp\cppcli\*.cpp" />
    <ClCompile Include="..\..\..\djinni-output-temp\cppcli\*.cpp" />
    <ClCompile Include="..\..\..\djinni-output-temp\cppcli\*.cpp" />
    <ClCompile Include="..\..\..\djinni-output-temp\cppcli\*.cpp" />
    <ClCompile Include="..\..\..\djinni-output-temp\cppcli\*.cpp" />
    <ClCompile Include="..\..\..\djinni-output-temp\cppcli\*.cpp" />
    <ClCompile Include="..\..\..\djinni-output-temp\cppcli\*.cpp" />
    <ClCompile Include="..\..\..\djinni-output-temp\cppcli\*.cpp" />
    <ClCompile Include="..\..\..\djinni-output-temp\cppcli\*.cpp" />
    <ClCompile Include="..\..\..\djinni-output-temp\cppcli\*.cpp" />
    <ClCompile Include="..\..\..\djinni-output-temp\cppcli\*.cpp" />
    <ClCompile Include="..\..\..\djinni-output-temp\cppcli\*.cpp" />
    <ClCompile Include="..\..\..\djinni-output-temp\cppcli\*.cpp" />
    <ClCompile Include="..\..\..\djinni-output-temp\cppcli\*.cpp" />
    <ClCompile Include="..\..\..\djinni-output-temp\cppcli\*.cpp" />
    <ClCompile Include="..\..\..\djinni-output-temp\cppcli\*.cpp" />
    <ClCompile Include="..\..\..\djinni-output-temp\cppcli\*.cpp" />
    <ClCompile Include="..\..\..\djinni-output-temp\cppcli\*.cpp" />
    <ClCompile Include="..\..\..\djinni-output-temp\cppcli\*.cpp" />
    <ClCompile Include="..\..\..\djinni-output-temp\cppcli\*.cpp" />
    <ClCompile Include="..\..\..\djinni-output-temp\cppcli\*.cpp" />
    <ClCompile Include="..\..\..\djinni-output-temp\cppcli\*.cpp" />
    <ClCompile Include="..\..\..\djinni-output-temp\cppcli\*.cpp" />
    <ClCompile Include="..\..\..\djinni-output-temp\cppcli\*.cpp" />
    <ClCompile Include="..\..\..\djinni-output-temp\cppcli\*.cpp" />
    <ClCompile Include="..\..\..\djinni-output-temp\cppcli\*.cpp" />
    <ClCompile Include="..\..\..\..\support-lib\cppcli\*.cpp" />
  </ItemGroup>
  <ItemGroup>
    <ClInclude Include="Stdafx.h" />
    <ClInclude Include="..\..\..\djinni-output-temp\cppcli\*.h" />
    <ClInclude Include="..\..\..\djinni-output-temp\cppcli\*.h" />
    <ClInclude Include="..\..\..\djinni-output-temp\cppcli\*.h" />
    <ClInclude Include="..\..\..\djinni-output-temp\cppcli\*.h" />
    <ClInclude Include="..\..\..\djinni-output-temp\cppcli\*.h" />
    <ClInclude Include="..\..\..\djinni-output-temp\cppcli\*.h" />
    <ClInclude Include="..\..\..\djinni-output-temp\cppcli\*.h" />
    <ClInclude Include="..\..\..\djinni-output-temp\cppcli\*.h" />
    <ClInclude Include="..\..\..\djinni-output-temp\cppcli\*.h" />
    <ClInclude Include="..\..\..\djinni-output-temp\cppcli\*.h" />
    <ClInclude Include="..\..\..\djinni-output-temp\cppcli\*.h" />
    <ClInclude Include="..\..\..\djinni-output-temp\cppcli\*.h" />
    <ClInclude Include="..\..\..\djinni-output-temp\cppcli\*.h" />
    <ClInclude Include="..\..\..\djinni-output-temp\cppcli\*.h" />
    <ClInclude Include="..\..\..\djinni-output-temp\cppcli\*.h" />
    <ClInclude Include="..\..\..\djinni-output-temp\cppcli\*.h" />
    <ClInclude Include="..\..\..\djinni-output-temp\cppcli\*.h" />
    <ClInclude Include="..\..\..\djinni-output-temp\cppcli\*.h" />
    <ClInclude Include="..\..\..\djinni-output-temp\cppcli\*.h" />
    <ClInclude Include="..\..\..\djinni-output-temp\cppcli\*.h" />
    <ClInclude Include="..\..\..\djinni-output-temp\cppcli\*.h" />
    <ClInclude Include="..\..\..\djinni-output-temp\cppcli\*.h" />
    <ClInclude Include="..\..\..\djinni-output-temp\cppcli\*.h" />
    <ClInclude Include="..\..\..\djinni-output-temp\cppcli\*.h" />
    <ClInclude Include="..\..\..\djinni-output-temp\cppcli\*.h" />
    <ClInclude Include="..\..\..\djinni-output-temp\cppcli\*.h" />
    <ClInclude Include="..\..\..\djinni-output-temp\cppcli\*.h" />
    <ClInclude Include="..\..\..\djinni-output-temp\cppcli\*.h" />
    <ClInclude Include="..\..\..\djinni-output-temp\cppcli\*.h" />
    <ClInclude Include="..\..\..\djinni-output-temp\cppcli\*.h" />
    <ClInclude Include="..\..\..\djinni-output-temp\cppcli\*.h" />
    <ClInclude Include="..\..\..\djinni-output-temp\cppcli\*.h" />
    <ClInclude Include="..\..\..\djinni-output-temp\cppcli\*.h" />
    <ClInclude Include="..\..\..\djinni-output-temp\cppcli\*.h" />
    <ClInclude Include="..\..\..\djinni-output-temp\cppcli\*.h" />
    <ClInclude Include="..\..\..\djinni-output-temp\cppcli\*.h" />
    <ClInclude Include="..\..\..\djinni-output-temp\cppcli\*.h" />
    <ClInclude Include="..\..\..\djinni-output-temp\cppcli\*.h" />
    <ClInclude Include="..\..\..\djinni-output-temp\cppcli\*.h" />
    <ClInclude Include="..\..\..\djinni-output-temp\cppcli\*.h" />
    <ClInclude Include="..\..\..\djinni-output-temp\cppcli\*.h" />
    <ClInclude Include="..\..\..\djinni-output-temp\cppcli\*.h" />
    <ClInclude Include="..\..\..\djinni-output-temp\cppcli\*.h" />
    <ClInclude Include="..\..\..\djinni-output-temp\cppcli\*.h" />
    <ClInclude Include="..\..\..\djinni-output-temp\cppcli\*.h" />
    <ClInclude Include="..\..\..\djinni-output-temp\cppcli\*.h" />
    <ClInclude Include="..\..\..\djinni-output-temp\cppcli\*.h" />
    <ClInclude Include="..\..\..\djinni-output-temp\cppcli\*.h" />
    <ClInclude Include="..\..\..\djinni-output-temp\cppcli\*.h" />
    <ClInclude Include="..\..\..\djinni-output-temp\cppcli\*.h" />
    <ClInclude Include="..\..\..\djinni-output-temp\cppcli\*.h" />
    <ClInclude Include="..\..\..\djinni-output-temp\cppcli\*.h" />
    <ClInclude Include="..\..\..\djinni-output-temp\cppcli\*.h" />
    <ClInclude Include="..\..\..\djinni-output-temp\cppcli\*.h" />
    <ClInclude Include="..\..\..\djinni-output-temp\cppcli\*.h" />
    <ClInclude Include="..\..\..\djinni-output-temp\cppcli\*.h" />
    <ClInclude Include="..\..\..\djinni-output-temp\cppcli\*.h" />
    <ClInclude Include="..\..\..\djinni-output-temp\cppcli\*.hpp" />
    <ClInclude Include="..\..\..\djinni-output-temp\cppcli\*.hpp" />
    <ClInclude Include="..\..\..\djinni-output-temp\cppcli\*.hpp" />
    <ClInclude Include="..\..\..\djinni-output-temp\cppcli\*.hpp" />
    <ClInclude Include="..\..\..\djinni-output-temp\cppcli\*.hpp" />
    <ClInclude Include="..\..\..\djinni-output-temp\cppcli\*.hpp" />
    <ClInclude Include="..\..\..\djinni-output-temp\cppcli\*.hpp" />
    <ClInclude Include="..\..\..\djinni-output-temp\cppcli\*.hpp" />
    <ClInclude Include="..\..\..\djinni-output-temp\cppcli\*.hpp" />
    <ClInclude Include="..\..\..\djinni-output-temp\cppcli\*.hpp" />
    <ClInclude Include="..\..\..\djinni-output-temp\cppcli\*.hpp" />
    <ClInclude Include="..\..\..\djinni-output-temp\cppcli\*.hpp" />
    <ClInclude Include="..\..\..\djinni-output-temp\cppcli\*.hpp" />
    <ClInclude Include="..\..\..\djinni-output-temp\cppcli\*.hpp" />
    <ClInclude Include="..\..\..\djinni-output-temp\cppcli\*.hpp" />
    <ClInclude Include="..\..\..\djinni-output-temp\cppcli\*.hpp" />
    <ClInclude Include="..\..\..\djinni-output-temp\cppcli\*.hpp" />
    <ClInclude Include="..\..\..\djinni-output-temp\cppcli\*.hpp" />
    <ClInclude Include="..\..\..\djinni-output-temp\cppcli\*.hpp" />
    <ClInclude Include="..\..\..\djinni-output-temp\cppcli\*.hpp" />
    <ClInclude Include="..\..\..\djinni-output-temp\cppcli\*.hpp" />
    <ClInclude Include="..\..\..\djinni-output-temp\cppcli\*.hpp" />
    <ClInclude Include="..\..\..\djinni-output-temp\cppcli\*.hpp" />
    <ClInclude Include="..\..\..\djinni-output-temp\cppcli\*.hpp" />
    <ClInclude Include="..\..\..\djinni-output-temp\cppcli\*.hpp" />
    <ClInclude Include="..\..\..\djinni-output-temp\cppcli\*.hpp" />
    <ClInclude Include="..\..\..\djinni-output-temp\cppcli\*.hpp" />
    <ClInclude Include="..\..\..\djinni-output-temp\cppcli\*.hpp" />
    <ClInclude Include="..\..\..\djinni-output-temp\cppcli\*.hpp" />
    <ClInclude Include="..\..\..\djinni-output-temp\cppcli\*.hpp" />
    <ClInclude Include="..\..\..\djinni-output-temp\cppcli\*.hpp" />
    <ClInclude Include="..\..\..\djinni-output-temp\cppcli\*.hpp" />
    <ClInclude Include="..\..\..\djinni-output-temp\cppcli\*.hpp" />
    <ClInclude Include="..\..\..\djinni-output-temp\cppcli\*.hpp" />
    <ClInclude Include="..\..\..\djinni-output-temp\cppcli\*.hpp" />
    <ClInclude Include="..\..\..\djinni-output-temp\cppcli\*.hpp" />
    <ClInclude Include="..\..\..\djinni-output-temp\cppcli\*.hpp" />
    <ClInclude Include="..\..\..\djinni-output-temp\cppcli\*.hpp" />
    <ClInclude Include="..\..\..\djinni-output-temp\cppcli\*.hpp" />
    <ClInclude Include="..\..\..\djinni-output-temp\cppcli\*.hpp" />
    <ClInclude Include="..\..\..\djinni-output-temp\cppcli\*.hpp" />
    <ClInclude Include="..\..\..\djinni-output-temp\cppcli\*.hpp" />
    <ClInclude Include="..\..\..\djinni-output-temp\cppcli\*.hpp" />
    <ClInclude Include="..\..\..\djinni-output-temp\cppcli\*.hpp" />
    <ClInclude Include="..\..\..\djinni-output-temp\cppcli\*.hpp" />
    <ClInclude Include="..\..\..\djinni-output-temp\cppcli\*.hpp" />
    <ClInclude Include="..\..\..\djinni-output-temp\cppcli\*.hpp" />
    <ClInclude Include="..\..\..\djinni-output-temp\cppcli\*.hpp" />
    <ClInclude Include="..\..\..\djinni-output-temp\cppcli\*.hpp" />
    <ClInclude Include="..\..\..\djinni-output-temp\cppcli\*.hpp" />
    <ClInclude Include="..\..\..\djinni-output-temp\cppcli\*.hpp" />
    <ClInclude Include="..\..\..\djinni-output-temp\cppcli\*.hpp" />
    <ClInclude Include="..\..\..\djinni-output-temp\cppcli\*.hpp" />
    <ClInclude Include="..\..\..\djinni-output-temp\cppcli\*.hpp" />
    <ClInclude Include="..\..\..\djinni-output-temp\cppcli\*.hpp" />
    <ClInclude Include="..\..\..\djinni-output-temp\cppcli\*.hpp" />
    <ClInclude Include="..\..\..\djinni-output-temp\cppcli\*.hpp" />
    <ClInclude Include="..\..\..\djinni-output-temp\cppcli\*.hpp" />
    <ClInclude Include="..\..\..\djinni-output-temp\cppcli\*.hpp" />
    <ClInclude Include="..\..\..\djinni-output-temp\cppcli\*.hpp" />
    <ClInclude Include="..\..\..\djinni-output-temp\cppcli\*.hpp" />
    <ClInclude Include="..\..\..\djinni-output-temp\cppcli\*.hpp" />
    <ClInclude Include="..\..\..\djinni-output-temp\cppcli\*.hpp" />
    <ClInclude Include="..\..\..\djinni-output-temp\cppcli\*.hpp" />
    <ClInclude Include="..\..\..\djinni-output-temp\cppcli\*.hpp" />
    <ClInclude Include="..\..\..\djinni-output-temp\cppcli\*.hpp" />
    <ClInclude Include="..\..\..\djinni-output-temp\cppcli\*.hpp" />
    <ClInclude Include="..\..\..\djinni-output-temp\cppcli\*.hpp" />
    <ClInclude Include="..\..\..\djinni-output-temp\cppcli\*.hpp" />
    <ClInclude Include="..\..\..\djinni-output-temp\cppcli\*.hpp" />
    <ClInclude Include="..\..\..\djinni-output-temp\cppcli\*.hpp" />
    <ClInclude Include="..\..\..\djinni-output-temp\cppcli\*.hpp" />
    <ClInclude Include="..\..\..\djinni-output-temp\cppcli\*.hpp" />
    <ClInclude Include="..\..\..\djinni-output-temp\cppcli\*.hpp" />
    <ClInclude Include="..\..\..\djinni-output-temp\cppcli\*.hpp" />
    <ClInclude Include="..\..\..\djinni-output-temp\cppcli\*.hpp" />
    <ClInclude Include="..\..\..\djinni-output-temp\cppcli\*.hpp" />
    <ClInclude Include="..\..\..\djinni-output-temp\cppcli\*.hpp" />
    <ClInclude Include="..\..\..\djinni-output-temp\cppcli\*.hpp" />
    <ClInclude Include="..\..\..\djinni-output-temp\cppcli\*.hpp" />
    <ClInclude Include="..\..\..\djinni-output-temp\cppcli\*.hpp" />
    <ClInclude Include="..\..\..\djinni-output-temp\cppcli\*.hpp" />
    <ClInclude Include="..\..\..\djinni-output-temp\cppcli\*.hpp" />
    <ClInclude Include="..\..\..\djinni-output-temp\cppcli\*.hpp" />
    <ClInclude Include="..\..\..\djinni-output-temp\cppcli\*.hpp" />
    <ClInclude Include="..\..\..\djinni-output-temp\cppcli\*.hpp" />
    <ClInclude Include="..\..\..\djinni-output-temp\cppcli\*.hpp" />
    <ClInclude Include="..\..\..\djinni-output-temp\cppcli\*.hpp" />
    <ClInclude Include="..\..\..\djinni-output-temp\cppcli\*.hpp" />
    <ClInclude Include="..\..\..\djinni-output-temp\cppcli\*.hpp" />
    <ClInclude Include="..\..\..\djinni-output-temp\cppcli\*.hpp" />
    <ClInclude Include="..\..\..\djinni-output-temp\cppcli\*.hpp" />
    <ClInclude Include="..\..\..\djinni-output-temp\cppcli\*.hpp" />
    <ClInclude Include="..\..\..\djinni-output-temp\cppcli\*.hpp" />
    <ClInclude Include="..\..\..\djinni-output-temp\cppcli\*.hpp" />
    <ClInclude Include="..\..\..\djinni-output-temp\cppcli\*.hpp" />
    <ClInclude Include="..\..\..\djinni-output-temp\cppcli\*.hpp" />
    <ClInclude Include="..\..\..\djinni-output-temp\cppcli\*.hpp" />
    <ClInclude Include="..\..\..\djinni-output-temp\cppcli\*.hpp" />
    <ClInclude Include="..\..\..\djinni-output-temp\cppcli\*.hpp" />
    <ClInclude Include="..\..\..\djinni-output-temp\cppcli\*.hpp" />
    <ClInclude Include="..\..\..\djinni-output-temp\cppcli\*.hpp" />
    <ClInclude Include="..\..\..\djinni-output-temp\cppcli\*.hpp" />
    <ClInclude Include="..\..\..\djinni-output-temp\cppcli\*.hpp" />
    <ClInclude Include="..\..\..\djinni-output-temp\cppcli\*.hpp" />
    <ClInclude Include="..\..\..\djinni-output-temp\cppcli\*.hpp" />
    <ClInclude Include="..\..\..\djinni-output-temp\cppcli\*.hpp" />
    <ClInclude Include="..\..\..\djinni-output-temp\cppcli\*.hpp" />
    <ClInclude Include="..\..\..\djinni-output-temp\cppcli\*.hpp" />
    <ClInclude Include="..\..\..\djinni-output-temp\cppcli\*.hpp" />
    <ClInclude Include="..\..\..\djinni-output-temp\cppcli\*.hpp" />
    <ClInclude Include="..\..\..\djinni-output-temp\cppcli\*.hpp" />
    <ClInclude Include="..\..\..\djinni-output-temp\cppcli\*.hpp" />
    <ClInclude Include="..\..\..\..\support-lib\cppcli\*.hpp" />
    <ClInclude Include="..\..\..\djinni-output-temp\cppcli\*.hpp" />
    <ClInclude Include="..\..\..\djinni-output-temp\cppcli\*.hpp" />
    <ClInclude Include="..\..\..\djinni-output-temp\cppcli\*.hpp" />
    <ClInclude Include="..\..\..\djinni-output-temp\cppcli\*.hpp" />
    <ClInclude Include="..\..\..\djinni-output-temp\cppcli\*.hpp" />
    <ClInclude Include="..\..\..\djinni-output-temp\cppcli\*.hpp" />
    <ClInclude Include="..\..\..\djinni-output-temp\cppcli\*.hpp" />
    <ClInclude Include="..\..\..\djinni-output-temp\cppcli\*.hpp" />
    <ClInclude Include="..\..\..\djinni-output-temp\cppcli\*.hpp" />
    <ClInclude Include="..\..\..\djinni-output-temp\cppcli\*.hpp" />
    <ClInclude Include="..\..\..\djinni-output-temp\cppcli\*.hpp" />
    <ClInclude Include="..\..\..\djinni-output-temp\cppcli\*.hpp" />
    <ClInclude Include="..\..\..\djinni-output-temp\cppcli\*.hpp" />
    <ClInclude Include="..\..\..\djinni-output-temp\cppcli\*.hpp" />
    <ClInclude Include="..\..\..\djinni-output-temp\cppcli\*.hpp" />
    <ClInclude Include="..\..\..\djinni-output-temp\cppcli\*.hpp" />
    <ClInclude Include="..\..\..\djinni-output-temp\cppcli\*.hpp" />
    <ClInclude Include="..\..\..\djinni-output-temp\cppcli\*.hpp" />
    <ClInclude Include="..\..\..\djinni-output-temp\cppcli\*.hpp" />
    <ClInclude Include="..\..\..\djinni-output-temp\cppcli\*.hpp" />
    <ClInclude Include="..\..\..\djinni-output-temp\cppcli\*.hpp" />
    <ClInclude Include="..\..\..\djinni-output-temp\cppcli\*.hpp" />
    <ClInclude Include="..\..\..\djinni-output-temp\cppcli\*.hpp" />
    <ClInclude Include="..\..\..\djinni-output-temp\cppcli\*.hpp" />
    <ClInclude Include="..\..\..\djinni-output-temp\cppcli\*.hpp" />
    <ClInclude Include="..\..\..\djinni-output-temp\cppcli\*.hpp" />
    <ClInclude Include="..\..\..\djinni-output-temp\cppcli\*.hpp" />
    <ClInclude Include="..\..\..\djinni-output-temp\cppcli\*.hpp" />
    <ClInclude Include="..\..\..\djinni-output-temp\cppcli\*.hpp" />
    <ClInclude Include="..\..\..\djinni-output-temp\cppcli\*.hpp" />
    <ClInclude Include="..\..\..\djinni-output-temp\cppcli\*.hpp" />
    <ClInclude Include="..\..\..\djinni-output-temp\cppcli\*.hpp" />
    <ClInclude Include="..\..\..\djinni-output-temp\cppcli\*.hpp" />
    <ClInclude Include="..\..\..\djinni-output-temp\cppcli\*.hpp" />
    <ClInclude Include="..\..\..\djinni-output-temp\cppcli\*.hpp" />
    <ClInclude Include="..\..\..\djinni-output-temp\cppcli\*.hpp" />
    <ClInclude Include="..\..\..\djinni-output-temp\cppcli\*.hpp" />
    <ClInclude Include="..\..\..\djinni-output-temp\cppcli\*.hpp" />
    <ClInclude Include="..\..\..\djinni-output-temp\cppcli\*.hpp" />
    <ClInclude Include="..\..\..\djinni-output-temp\cppcli\*.hpp" />
    <ClInclude Include="..\..\..\djinni-output-temp\cppcli\*.hpp" />
    <ClInclude Include="..\..\..\djinni-output-temp\cppcli\*.hpp" />
    <ClInclude Include="..\..\..\djinni-output-temp\cppcli\*.hpp" />
    <ClInclude Include="..\..\..\djinni-output-temp\cppcli\*.hpp" />
    <ClInclude Include="..\..\..\djinni-output-temp\cppcli\*.hpp" />
    <ClInclude Include="..\..\..\djinni-output-temp\cppcli\*.hpp" />
    <ClInclude Include="..\..\..\djinni-output-temp\cppcli\*.hpp" />
    <ClInclude Include="..\..\..\djinni-output-temp\cppcli\*.hpp" />
    <ClInclude Include="..\..\..\djinni-output-temp\cppcli\*.hpp" />
    <ClInclude Include="..\..\..\djinni-output-temp\cppcli\*.hpp" />
    <ClInclude Include="..\..\..\djinni-output-temp\cppcli\*.hpp" />
    <ClInclude Include="..\..\..\djinni-output-temp\cppcli\*.hpp" />
    <ClInclude Include="..\..\..\djinni-output-temp\cppcli\*.hpp" />
    <ClInclude Include="..\..\..\djinni-output-temp\cppcli\*.hpp" />
    <ClInclude Include="..\..\..\djinni-output-temp\cppcli\*.hpp" />
    <ClInclude Include="..\..\..\djinni-output-temp\cppcli\*.hpp" />
    <ClInclude Include="..\..\..\djinni-output-temp\cppcli\*.hpp" />
    <ClInclude Include="..\..\..\djinni-output-temp\cppcli\*.hpp" />
    <ClInclude Include="..\..\..\djinni-output-temp\cppcli\*.hpp" />
    <ClInclude Include="..\..\..\djinni-output-temp\cppcli\*.hpp" />
    <ClInclude Include="..\..\..\djinni-output-temp\cppcli\*.hpp" />
    <ClInclude Include="..\..\..\djinni-output-temp\cppcli\*.hpp" />
    <ClInclude Include="..\..\..\djinni-output-temp\cppcli\*.hpp" />
    <ClInclude Include="..\..\..\djinni-output-temp\cppcli\*.hpp" />
    <ClInclude Include="..\..\..\djinni-output-temp\cppcli\*.hpp" />
    <ClInclude Include="..\..\..\djinni-output-temp\cppcli\*.hpp" />
    <ClInclude Include="..\..\..\djinni-output-temp\cppcli\*.hpp" />
    <ClInclude Include="..\..\..\djinni-output-temp\cppcli\*.hpp" />
    <ClInclude Include="..\..\..\djinni-output-temp\cppcli\*.hpp" />
    <ClInclude Include="..\..\..\djinni-output-temp\cppcli\*.hpp" />
    <ClInclude Include="..\..\..\djinni-output-temp\cppcli\*.hpp" />
    <ClInclude Include="..\..\..\djinni-output-temp\cppcli\*.hpp" />
    <ClInclude Include="..\..\..\djinni-output-temp\cppcli\*.hpp" />
    <ClInclude Include="..\..\..\djinni-output-temp\cppcli\*.hpp" />
    <ClInclude Include="..\..\..\djinni-output-temp\cppcli\*.hpp" />
    <ClInclude Include="..\..\..\djinni-output-temp\cppcli\*.hpp" />
    <ClInclude Include="..\..\..\djinni-output-temp\cppcli\*.hpp" />
    <ClInclude Include="..\..\..\djinni-output-temp\cppcli\*.hpp" />
    <ClInclude Include="..\..\..\djinni-output-temp\cppcli\*.hpp" />
    <ClInclude Include="..\..\..\djinni-output-temp\cppcli\*.hpp" />
    <ClInclude Include="..\..\..\djinni-output-temp\cppcli\*.hpp" />
    <ClInclude Include="..\..\..\djinni-output-temp\cppcli\*.hpp" />
    <ClInclude Include="..\..\..\..\support-lib\cppcli\*.hpp" />
  </ItemGroup>
</Project>