<?xml version="1.0" encoding="utf-8"?>
<Project ToolsVersion="4.0" xmlns="http://schemas.microsoft.com/developer/msbuild/2003">
  <ItemGroup>
    <ClCompile Include="AssemblyInfo.cpp" />
    <ClCompile Include="..\..\..\djinni-output-temp\cppcli\ClientInterface.hpp" />
    <ClCompile Include="..\..\..\djinni-output-temp\cppcli\ClientReturnedRecord.hpp" />
    <ClCompile Include="..\..\..\djinni-output-temp\cppcli\Color.hpp" />
    <ClCompile Include="..\..\..\djinni-output-temp\cppcli\Conflict.hpp" />
    <ClCompile Include="..\..\..\djinni-output-temp\cppcli\ConflictUser.hpp" />
    <ClCompile Include="..\..\..\djinni-output-temp\cppcli\ConstantRecord.hpp" />
    <ClCompile Include="..\..\..\djinni-output-temp\cppcli\Constants.hpp" />
    <ClCompile Include="..\..\..\djinni-output-temp\cppcli\ConstantsInterface.hpp" />
    <ClCompile Include="..\..\..\djinni-output-temp\cppcli\CppException.hpp" />
    <ClCompile Include="..\..\..\djinni-output-temp\cppcli\CsOnlyListener.hpp" />
    <ClCompile Include="..\..\..\djinni-output-temp\cppcli\EmptyRecord.hpp" />
    <ClCompile Include="..\..\..\djinni-output-temp\cppcli\EnumUsageInterface.hpp" />
    <ClCompile Include="..\..\..\djinni-output-temp\cppcli\EnumUsageRecord.hpp" />
    <ClCompile Include="..\..\..\djinni-output-temp\cppcli\ExtendedRecord.hpp" />
    <ClCompile Include="..\..\..\djinni-output-temp\cppcli\FirstListener.hpp" />
    <ClCompile Include="..\..\..\djinni-output-temp\cppcli\FooCallback.hpp" />
    <ClCompile Include="..\..\..\djinni-output-temp\cppcli\FooCallback2.hpp" />
    <ClCompile Include="..\..\..\djinni-output-temp\cppcli\FooClientInterface.hpp" />
    <ClCompile Include="..\..\..\djinni-output-temp\cppcli\FooClientReturnedRecord.hpp" />
    <ClCompile Include="..\..\..\djinni-output-temp\cppcli\FooConstants.hpp" />
    <ClCompile Include="..\..\..\djinni-output-temp\cppcli\FooConstantsInterface.hpp" />
    <ClCompile Include="..\..\..\djinni-output-temp\cppcli\FooContainersInterface.hpp" />
    <ClCompile Include="..\..\..\djinni-output-temp\cppcli\FooContainersRecord.hpp" />
    <ClCompile Include="..\..\..\djinni-output-temp\cppcli\FooEnumInterface.hpp" />
    <ClCompile Include="..\..\..\djinni-output-temp\cppcli\FooExtensibleRecord.hpp" />
    <ClCompile Include="..\..\..\djinni-output-temp\cppcli\FooInterface.hpp" />
    <ClCompile Include="..\..\..\djinni-output-temp\cppcli\FooListener.hpp" />
    <ClCompile Include="..\..\..\djinni-output-temp\cppcli\FooListenerBf.hpp" />
    <ClCompile Include="..\..\..\djinni-output-temp\cppcli\FooPrimitives.hpp" />
    <ClCompile Include="..\..\..\djinni-output-temp\cppcli\FooReceiver.hpp" />
    <ClCompile Include="..\..\..\djinni-output-temp\cppcli\FooRecord.hpp" />
    <ClCompile Include="..\..\..\djinni-output-temp\cppcli\FooSomeOtherRecord.hpp" />
    <ClCompile Include="..\..\..\djinni-output-temp\cppcli\FooStatic.hpp" />
    <ClCompile Include="..\..\..\djinni-output-temp\cppcli\InterfaceUsingExtendedRecord.hpp" />
    <ClCompile Include="..\..\..\djinni-output-temp\cppcli\JavaOnlyListener.hpp" />
    <ClCompile Include="..\..\..\djinni-output-temp\cppcli\ListenerCaller.hpp" />
    <ClCompile Include="..\..\..\djinni-output-temp\cppcli\MapListRecord.hpp" />
    <ClCompile Include="..\..\..\djinni-output-temp\cppcli\MapRecord.hpp" />
    <ClCompile Include="..\..\..\djinni-output-temp\cppcli\NestedCollection.hpp" />
    <ClCompile Include="..\..\..\djinni-output-temp\cppcli\ObjcOnlyListener.hpp" />
    <ClCompile Include="..\..\..\djinni-output-temp\cppcli\PrimitiveList.hpp" />
    <ClCompile Include="..\..\..\djinni-output-temp\cppcli\PyOnlyListener.hpp" />
    <ClCompile Include="..\..\..\djinni-output-temp\cppcli\RecordUsingExtendedRecord.hpp" />
    <ClCompile Include="..\..\..\djinni-output-temp\cppcli\RecordWithDerivings.hpp" />
    <ClCompile Include="..\..\..\djinni-output-temp\cppcli\RecordWithNestedDerivings.hpp" />
    <ClCompile Include="..\..\..\djinni-output-temp\cppcli\ReturnOne.hpp" />
    <ClCompile Include="..\..\..\djinni-output-temp\cppcli\ReturnTwo.hpp" />
    <ClCompile Include="..\..\..\djinni-output-temp\cppcli\ReverseClientInterface.hpp" />
    <ClCompile Include="..\..\..\djinni-output-temp\cppcli\SecondListener.hpp" />
    <ClCompile Include="..\..\..\djinni-output-temp\cppcli\SetRecord.hpp" />
    <ClCompile Include="..\..\..\djinni-output-temp\cppcli\SomeConstRecord.hpp" />
    <ClCompile Include="..\..\..\djinni-output-temp\cppcli\TestHelpers.hpp" />
    <ClCompile Include="..\..\..\djinni-output-temp\cppcli\UserToken.hpp" />
    <ClCompile Include="..\..\..\djinni-output-temp\cppcli\UsesSingleLanguageListeners.hpp" />
    <ClCompile Include="..\..\..\djinni-output-temp\cppcli\VarnameInterface.hpp" />
    <ClCompile Include="..\..\..\djinni-output-temp\cppcli\VarnameRecord.hpp" />
    <ClCompile Include="..\..\..\djinni-output-temp\cppcli\*.hpp" />
    <ClCompile Include="..\..\..\djinni-output-temp\cppcli\*.hpp" />
    <ClCompile Include="..\..\..\djinni-output-temp\cppcli\*.hpp" />
    <ClCompile Include="..\..\..\djinni-output-temp\cppcli\*.hpp" />
    <ClCompile Include="..\..\..\djinni-output-temp\cppcli\*.hpp" />
    <ClCompile Include="..\..\..\djinni-output-temp\cppcli\*.hpp" />
    <ClCompile Include="..\..\..\djinni-output-temp\cppcli\*.hpp" />
    <ClCompile Include="..\..\..\djinni-output-temp\cppcli\*.hpp" />
    <ClCompile Include="..\..\..\djinni-output-temp\cppcli\*.hpp" />
    <ClCompile Include="..\..\..\djinni-output-temp\cppcli\*.hpp" />
    <ClCompile Include="..\..\..\djinni-output-temp\cppcli\*.hpp" />
    <ClCompile Include="..\..\..\djinni-output-temp\cppcli\*.hpp" />
    <ClCompile Include="..\..\..\djinni-output-temp\cppcli\*.hpp" />
    <ClCompile Include="..\..\..\djinni-output-temp\cppcli\*.hpp" />
    <ClCompile Include="..\..\..\djinni-output-temp\cppcli\*.hpp" />
    <ClCompile Include="..\..\..\djinni-output-temp\cppcli\*.hpp" />
    <ClCompile Include="..\..\..\djinni-output-temp\cppcli\*.hpp" />
    <ClCompile Include="..\..\..\djinni-output-temp\cppcli\*.hpp" />
    <ClCompile Include="..\..\..\djinni-output-temp\cppcli\*.hpp" />
    <ClCompile Include="..\..\..\djinni-output-temp\cppcli\*.hpp" />
    <ClCompile Include="..\..\..\djinni-output-temp\cppcli\*.hpp" />
    <ClCompile Include="..\..\..\djinni-output-temp\cppcli\*.hpp" />
    <ClCompile Include="..\..\..\djinni-output-temp\cppcli\*.hpp" />
    <ClCompile Include="..\..\..\djinni-output-temp\cppcli\*.hpp" />
    <ClCompile Include="..\..\..\djinni-output-temp\cppcli\*.hpp" />
    <ClCompile Include="..\..\..\djinni-output-temp\cppcli\*.hpp" />
    <ClCompile Include="..\..\..\djinni-output-temp\cppcli\*.hpp" />
    <ClCompile Include="..\..\..\djinni-output-temp\cppcli\*.hpp" />
    <ClCompile Include="..\..\..\djinni-output-temp\cppcli\*.hpp" />
    <ClCompile Include="..\..\..\djinni-output-temp\cppcli\*.hpp" />
    <ClCompile Include="..\..\..\djinni-output-temp\cppcli\*.hpp" />
    <ClCompile Include="..\..\..\djinni-output-temp\cppcli\*.hpp" />
    <ClCompile Include="..\..\..\djinni-output-temp\cppcli\*.hpp" />
    <ClCompile Include="..\..\..\djinni-output-temp\cppcli\*.hpp" />
    <ClCompile Include="..\..\..\djinni-output-temp\cppcli\*.hpp" />
    <ClCompile Include="..\..\..\djinni-output-temp\cppcli\*.hpp" />
    <ClCompile Include="..\..\..\djinni-output-temp\cppcli\*.hpp" />
    <ClCompile Include="..\..\..\djinni-output-temp\cppcli\*.hpp" />
    <ClCompile Include="..\..\..\djinni-output-temp\cppcli\*.hpp" />
    <ClCompile Include="..\..\..\djinni-output-temp\cppcli\*.hpp" />
    <ClCompile Include="..\..\..\djinni-output-temp\cppcli\*.hpp" />
    <ClCompile Include="..\..\..\djinni-output-temp\cppcli\*.hpp" />
    <ClCompile Include="..\..\..\djinni-output-temp\cppcli\*.hpp" />
    <ClCompile Include="..\..\..\djinni-output-temp\cppcli\*.hpp" />
    <ClCompile Include="..\..\..\djinni-output-temp\cppcli\*.hpp" />
    <ClCompile Include="..\..\..\djinni-output-temp\cppcli\*.hpp" />
    <ClCompile Include="..\..\..\djinni-output-temp\cppcli\*.hpp" />
    <ClCompile Include="..\..\..\djinni-output-temp\cppcli\*.hpp" />
    <ClCompile Include="..\..\..\djinni-output-temp\cppcli\*.hpp" />
    <ClCompile Include="..\..\..\djinni-output-temp\cppcli\*.hpp" />
    <ClCompile Include="..\..\..\djinni-output-temp\cppcli\*.hpp" />
    <ClCompile Include="..\..\..\djinni-output-temp\cppcli\*.hpp" />
    <ClCompile Include="..\..\..\djinni-output-temp\cppcli\*.hpp" />
    <ClCompile Include="..\..\..\djinni-output-temp\cppcli\*.hpp" />
    <ClCompile Include="..\..\..\djinni-output-temp\cppcli\*.hpp" />
    <ClCompile Include="..\..\..\djinni-output-temp\cppcli\*.hpp" />
    <ClCompile Include="..\..\..\djinni-output-temp\cppcli\*.hpp" />
    <ClCompile Include="..\..\..\djinni-output-temp\cppcli\*.hpp" />
    <ClCompile Include="..\..\..\djinni-output-temp\cppcli\*.hpp" />
    <ClCompile Include="..\..\..\djinni-output-temp\cppcli\*.hpp" />
    <ClCompile Include="..\..\..\djinni-output-temp\cppcli\*.hpp" />
    <ClCompile Include="..\..\..\djinni-output-temp\cppcli\*.hpp" />
    <ClCompile Include="..\..\..\djinni-output-temp\cppcli\*.hpp" />
    <ClCompile Include="..\..\..\djinni-output-temp\cppcli\*.hpp" />
    <ClCompile Include="..\..\..\djinni-output-temp\cppcli\*.hpp" />
    <ClCompile Include="..\..\..\djinni-output-temp\cppcli\*.hpp" />
    <ClCompile Include="..\..\..\djinni-output-temp\cppcli\*.hpp" />
    <ClCompile Include="..\..\..\djinni-output-temp\cppcli\*.hpp" />
    <ClCompile Include="..\..\..\djinni-output-temp\cppcli\*.hpp" />
    <ClCompile Include="..\..\..\djinni-output-temp\cppcli\*.hpp" />
    <ClCompile Include="..\..\..\djinni-output-temp\cppcli\*.hpp" />
    <ClCompile Include="..\..\..\djinni-output-temp\cppcli\*.hpp" />
    <ClCompile Include="..\..\..\djinni-output-temp\cppcli\*.hpp" />
    <ClCompile Include="..\..\..\djinni-output-temp\cppcli\*.hpp" />
    <ClCompile Include="..\..\..\djinni-output-temp\cppcli\*.hpp" />
    <ClCompile Include="..\..\..\djinni-output-temp\cppcli\*.hpp" />
    <ClCompile Include="..\..\..\djinni-output-temp\cppcli\*.hpp" />
    <ClCompile Include="..\..\..\djinni-output-temp\cppcli\*.hpp" />
    <ClCompile Include="..\..\..\djinni-output-temp\cppcli\*.h" />
    <ClCompile Include="..\..\..\djinni-output-temp\cppcli\*.h" />
    <ClCompile Include="..\..\..\djinni-output-temp\cppcli\*.h" />
    <ClCompile Include="..\..\..\djinni-output-temp\cppcli\*.h" />
    <ClCompile Include="..\..\..\djinni-output-temp\cppcli\*.h" />
    <ClCompile Include="..\..\..\djinni-output-temp\cppcli\*.h" />
    <ClCompile Include="..\..\..\djinni-output-temp\cppcli\*.h" />
    <ClCompile Include="..\..\..\djinni-output-temp\cppcli\*.h" />
    <ClCompile Include="..\..\..\djinni-output-temp\cppcli\*.h" />
    <ClCompile Include="..\..\..\djinni-output-temp\cppcli\*.h" />
    <ClCompile Include="..\..\..\djinni-output-temp\cppcli\*.h" />
    <ClCompile Include="..\..\..\djinni-output-temp\cppcli\*.h" />
    <ClCompile Include="..\..\..\djinni-output-temp\cppcli\*.h" />
    <ClCompile Include="..\..\..\djinni-output-temp\cppcli\*.h" />
    <ClCompile Include="..\..\..\djinni-output-temp\cppcli\*.h" />
    <ClCompile Include="..\..\..\djinni-output-temp\cppcli\*.h" />
    <ClCompile Include="..\..\..\djinni-output-temp\cppcli\*.h" />
    <ClCompile Include="..\..\..\djinni-output-temp\cppcli\*.h" />
    <ClCompile Include="..\..\..\djinni-output-temp\cppcli\*.h" />
    <ClCompile Include="..\..\..\djinni-output-temp\cppcli\*.h" />
    <ClCompile Include="..\..\..\djinni-output-temp\cppcli\*.h" />
    <ClCompile Include="..\..\..\djinni-output-temp\cppcli\*.h" />
    <ClCompile Include="..\..\..\djinni-output-temp\cppcli\*.h" />
    <ClCompile Include="..\..\..\djinni-output-temp\cppcli\*.h" />
    <ClCompile Include="..\..\..\djinni-output-temp\cppcli\*.h" />
    <ClCompile Include="..\..\..\djinni-output-temp\cppcli\*.h" />
    <ClCompile Include="..\..\..\djinni-output-temp\cppcli\*.h" />
    <ClCompile Include="..\..\..\djinni-output-temp\cppcli\*.h" />
    <ClCompile Include="..\..\..\djinni-output-temp\cppcli\*.h" />
    <ClCompile Include="..\..\..\djinni-output-temp\cppcli\*.h" />
    <ClCompile Include="..\..\..\djinni-output-temp\cppcli\*.h" />
    <ClCompile Include="..\..\..\djinni-output-temp\cppcli\*.h" />
    <ClCompile Include="..\..\..\djinni-output-temp\cppcli\*.h" />
    <ClCompile Include="..\..\..\djinni-output-temp\cppcli\*.h" />
    <ClCompile Include="..\..\..\djinni-output-temp\cppcli\*.h" />
    <ClCompile Include="..\..\..\djinni-output-temp\cppcli\*.h" />
    <ClCompile Include="..\..\..\djinni-output-temp\cppcli\*.h" />
    <ClCompile Include="..\..\..\djinni-output-temp\cppcli\*.h" />
    <ClCompile Include="..\..\..\djinni-output-temp\cppcli\*.h" />
    <ClCompile Include="..\..\..\djinni-output-temp\cppcli\*.h" />
    <ClCompile Include="..\..\..\djinni-output-temp\cppcli\*.h" />
    <ClCompile Include="..\..\..\djinni-output-temp\cppcli\*.h" />
    <ClCompile Include="..\..\..\djinni-output-temp\cppcli\*.h" />
    <ClCompile Include="..\..\..\djinni-output-temp\cppcli\*.h" />
    <ClCompile Include="..\..\..\djinni-output-temp\cppcli\*.h" />
    <ClCompile Include="..\..\..\djinni-output-temp\cppcli\*.h" />
    <ClCompile Include="..\..\..\djinni-output-temp\cppcli\*.h" />
    <ClCompile Include="..\..\..\djinni-output-temp\cppcli\*.h" />
    <ClCompile Include="..\..\..\djinni-output-temp\cppcli\*.h" />
    <ClCompile Include="..\..\..\djinni-output-temp\cppcli\*.h" />
    <ClCompile Include="..\..\..\djinni-output-temp\cppcli\*.h" />
    <ClCompile Include="..\..\..\djinni-output-temp\cppcli\*.h" />
    <ClCompile Include="..\..\..\djinni-output-temp\cppcli\*.h" />
    <ClCompile Include="..\..\..\djinni-output-temp\cppcli\*.h" />
    <ClCompile Include="..\..\..\djinni-output-temp\cppcli\*.h" />
    <ClCompile Include="..\..\..\djinni-output-temp\cppcli\*.h" />
    <ClCompile Include="..\..\..\djinni-output-temp\cppcli\*.cpp" />
    <ClCompile Include="..\..\..\djinni-output-temp\cppcli\*.cpp" />
    <ClCompile Include="..\..\..\djinni-output-temp\cppcli\*.cpp" />
    <ClCompile Include="..\..\..\djinni-output-temp\cppcli\*.cpp" />
    <ClCompile Include="..\..\..\djinni-output-temp\cppcli\*.cpp" />
    <ClCompile Include="..\..\..\djinni-output-temp\cppcli\*.cpp" />
    <ClCompile Include="..\..\..\djinni-output-temp\cppcli\*.cpp" />
    <ClCompile Include="..\..\..\djinni-output-temp\cppcli\*.cpp" />
    <ClCompile Include="..\..\..\djinni-output-temp\cppcli\*.cpp" />
    <ClCompile Include="..\..\..\djinni-output-temp\cppcli\*.cpp" />
    <ClCompile Include="..\..\..\djinni-output-temp\cppcli\*.cpp" />
    <ClCompile Include="..\..\..\djinni-output-temp\cppcli\*.cpp" />
    <ClCompile Include="..\..\..\djinni-output-temp\cppcli\*.cpp" />
    <ClCompile Include="..\..\..\djinni-output-temp\cppcli\*.cpp" />
    <ClCompile Include="..\..\..\djinni-output-temp\cppcli\*.cpp" />
    <ClCompile Include="..\..\..\djinni-output-temp\cppcli\*.cpp" />
    <ClCompile Include="..\..\..\djinni-output-temp\cppcli\*.cpp" />
    <ClCompile Include="..\..\..\djinni-output-temp\cppcli\*.cpp" />
    <ClCompile Include="..\..\..\djinni-output-temp\cppcli\*.cpp" />
    <ClCompile Include="..\..\..\djinni-output-temp\cppcli\*.cpp" />
    <ClCompile Include="..\..\..\djinni-output-temp\cppcli\*.cpp" />
    <ClCompile Include="Stdafx.cpp" />
    <ClCompile Include="..\..\..\djinni-output-temp\cppcli\*.cpp" />
    <ClCompile Include="..\..\..\djinni-output-temp\cppcli\*.cpp" />
    <ClCompile Include="..\..\..\djinni-output-temp\cppcli\*.cpp" />
    <ClCompile Include="..\..\..\djinni-output-temp\cppcli\*.cpp" />
    <ClCompile Include="..\..\..\djinni-output-temp\cppcli\*.cpp" />
    <ClCompile Include="..\..\..\djinni-output-temp\cppcli\*.cpp" />
    <ClCompile Include="..\..\..\djinni-output-temp\cppcli\*.cpp" />
    <ClCompile Include="..\..\..\djinni-output-temp\cppcli\*.cpp" />
    <ClCompile Include="..\..\..\djinni-output-temp\cppcli\*.cpp" />
    <ClCompile Include="..\..\..\djinni-output-temp\cppcli\*.cpp" />
    <ClCompile Include="..\..\..\djinni-output-temp\cppcli\*.cpp" />
    <ClCompile Include="..\..\..\djinni-output-temp\cppcli\*.cpp" />
    <ClCompile Include="..\..\..\djinni-output-temp\cppcli\*.cpp" />
    <ClCompile Include="..\..\..\djinni-output-temp\cppcli\*.cpp" />
    <ClCompile Include="..\..\..\djinni-output-temp\cppcli\*.cpp" />
    <ClCompile Include="..\..\..\djinni-output-temp\cppcli\*.cpp" />
    <ClCompile Include="..\..\..\djinni-output-temp\cppcli\*.cpp" />
    <ClCompile Include="..\..\..\djinni-output-temp\cppcli\*.cpp" />
    <ClCompile Include="..\..\..\djinni-output-temp\cppcli\*.cpp" />
    <ClCompile Include="..\..\..\djinni-output-temp\cppcli\*.cpp" />
    <ClCompile Include="..\..\..\djinni-output-temp\cppcli\*.cpp" />
    <ClCompile Include="..\..\..\djinni-output-temp\cppcli\*.cpp" />
    <ClCompile Include="..\..\..\djinni-output-temp\cppcli\*.cpp" />
    <ClCompile Include="..\..\..\djinni-output-temp\cppcli\*.cpp" />
    <ClCompile Include="..\..\..\djinni-output-temp\cppcli\*.cpp" />
    <ClCompile Include="..\..\..\djinni-output-temp\cppcli\*.cpp" />
    <ClCompile Include="..\..\..\djinni-output-temp\cppcli\*.cpp" />
    <ClCompile Include="..\..\..\djinni-output-temp\cppcli\*.cpp" />
    <ClCompile Include="..\..\..\djinni-output-temp\cppcli\*.cpp" />
    <ClCompile Include="..\..\..\djinni-output-temp\cppcli\*.cpp" />
    <ClCompile Include="..\..\..\djinni-output-temp\cppcli\*.cpp" />
    <ClCompile Include="..\..\..\djinni-output-temp\cppcli\*.cpp" />
    <ClCompile Include="..\..\..\djinni-output-temp\cppcli\*.cpp" />
    <ClCompile Include="..\..\..\djinni-output-temp\cppcli\*.cpp" />
    <ClCompile Include="..\..\..\djinni-output-temp\cppcli\*.cpp" />
    <ClCompile Include="..\..\..\djinni-output-temp\cppcli\*.cpp" />
    <ClCompile Include="..\..\..\djinni-output-temp\cppcli\*.cpp" />
    <ClCompile Include="..\..\..\djinni-output-temp\cppcli\*.cpp" />
    <ClCompile Include="..\..\..\djinni-output-temp\cppcli\*.cpp" />
    <ClCompile Include="..\..\..\djinni-output-temp\cppcli\*.cpp" />
    <ClCompile Include="..\..\..\djinni-output-temp\cppcli\*.cpp" />
    <ClCompile Include="..\..\..\djinni-output-temp\cppcli\*.cpp" />
    <ClCompile Include="..\..\..\djinni-output-temp\cppcli\*.cpp" />
    <ClCompile Include="..\..\..\djinni-output-temp\cppcli\*.cpp" />
    <ClCompile Include="..\..\..\djinni-output-temp\cppcli\*.cpp" />
    <ClCompile Include="..\..\..\djinni-output-temp\cppcli\*.cpp" />
    <ClCompile Include="..\..\..\djinni-output-temp\cppcli\*.cpp" />
    <ClCompile Include="..\..\..\djinni-output-temp\cppcli\*.cpp" />
    <ClCompile Include="..\..\..\djinni-output-temp\cppcli\*.cpp" />
    <ClCompile Include="..\..\..\djinni-output-temp\cppcli\*.cpp" />
    <ClCompile Include="..\..\..\djinni-output-temp\cppcli\*.cpp" />
    <ClCompile Include="..\..\..\djinni-output-temp\cppcli\*.cpp" />
    <ClCompile Include="..\..\..\djinni-output-temp\cppcli\*.cpp" />
    <ClCompile Include="..\..\..\djinni-output-temp\cppcli\*.cpp" />
    <ClCompile Include="..\..\..\djinni-output-temp\cppcli\*.cpp" />
    <ClCompile Include="..\..\..\djinni-output-temp\cppcli\*.cpp" />
    <ClCompile Include="..\..\..\djinni-output-temp\cppcli\*.cpp" />
    <ClCompile Include="..\..\..\djinni-output-temp\cppcli\*.cpp" />
    <ClCompile Include="..\..\..\djinni-output-temp\cppcli\*.cpp" />
    <ClCompile Include="..\..\..\djinni-output-temp\cppcli\*.cpp" />
    <ClCompile Include="..\..\..\djinni-output-temp\cppcli\*.cpp" />
    <ClCompile Include="..\..\..\djinni-output-temp\cppcli\*.cpp" />
    <ClCompile Include="..\..\..\djinni-output-temp\cppcli\*.cpp" />
    <ClCompile Include="..\..\..\djinni-output-temp\cppcli\*.cpp" />
    <ClCompile Include="..\..\..\djinni-output-temp\cppcli\*.cpp" />
    <ClCompile Include="..\..\..\djinni-output-temp\cppcli\*.cpp" />
    <ClCompile Include="..\..\..\djinni-output-temp\cppcli\*.cpp" />
    <ClCompile Include="..\..\..\djinni-output-temp\cppcli\*.cpp" />
    <ClCompile Include="..\..\..\djinni-output-temp\cppcli\*.cpp" />
    <ClCompile Include="..\..\..\djinni-output-temp\cppcli\*.cpp" />
    <ClCompile Include="..\..\..\djinni-output-temp\cppcli\*.cpp" />
    <ClCompile Include="..\..\..\djinni-output-temp\cppcli\*.cpp" />
    <ClCompile Include="..\..\..\djinni-output-temp\cppcli\*.cpp" />
    <ClCompile Include="..\..\..\djinni-output-temp\cppcli\*.cpp" />
    <ClCompile Include="..\..\..\djinni-output-temp\cppcli\*.cpp" />
    <ClCompile Include="..\..\..\djinni-output-temp\cppcli\*.cpp" />
    <ClCompile Include="..\..\..\djinni-output-temp\cppcli\*.cpp" />
    <ClCompile Include="..\..\..\djinni-output-temp\cppcli\*.cpp" />
    <ClCompile Include="..\..\..\djinni-output-temp\cppcli\*.cpp" />
    <ClCompile Include="..\..\..\djinni-output-temp\cppcli\*.cpp" />
    <ClCompile Include="..\..\..\djinni-output-temp\cppcli\*.cpp" />
    <ClCompile Include="..\..\..\djinni-output-temp\cppcli\*.cpp" />
    <ClCompile Include="..\..\..\djinni-output-temp\cppcli\*.cpp" />
    <ClCompile Include="..\..\..\djinni-output-temp\cppcli\*.cpp" />
    <ClCompile Include="..\..\..\djinni-output-temp\cppcli\*.cpp" />
    <ClCompile Include="..\..\..\djinni-output-temp\cppcli\*.cpp" />
    <ClCompile Include="..\..\..\djinni-output-temp\cppcli\*.cpp" />
    <ClCompile Include="..\..\..\djinni-output-temp\cppcli\*.cpp" />
    <ClCompile Include="..\..\..\djinni-output-temp\cppcli\*.cpp" />
    <ClCompile Include="..\..\..\djinni-output-temp\cppcli\*.cpp" />
    <ClCompile Include="..\..\..\djinni-output-temp\cppcli\*.cpp" />
    <ClCompile Include="..\..\..\djinni-output-temp\cppcli\*.cpp" />
    <ClCompile Include="..\..\..\djinni-output-temp\cppcli\*.cpp" />
    <ClCompile Include="..\..\..\djinni-output-temp\cppcli\*.cpp" />
    <ClCompile Include="..\..\..\djinni-output-temp\cppcli\*.cpp" />
    <ClCompile Include="..\..\..\djinni-output-temp\cppcli\*.cpp" />
    <ClCompile Include="..\..\..\djinni-output-temp\cppcli\*.cpp" />
    <ClCompile Include="..\..\..\djinni-output-temp\cppcli\*.cpp" />
    <ClCompile Include="..\..\..\djinni-output-temp\cppcli\*.cpp" />
    <ClCompile Include="..\..\..\djinni-output-temp\cppcli\*.cpp" />
    <ClCompile Include="..\..\..\djinni-output-temp\cppcli\*.cpp" />
    <ClCompile Include="..\..\..\djinni-output-temp\cppcli\*.cpp" />
    <ClCompile Include="..\..\..\djinni-output-temp\cppcli\*.cpp" />
    <ClCompile Include="..\..\..\djinni-output-temp\cppcli\*.cpp" />
    <ClCompile Include="..\..\..\djinni-output-temp\cppcli\*.cpp" />
    <ClCompile Include="..\..\..\djinni-output-temp\cppcli\*.cpp" />
    <ClCompile Include="..\..\..\djinni-output-temp\cppcli\*.cpp" />
    <ClCompile Include="..\..\..\djinni-output-temp\cppcli\*.cpp" />
    <ClCompile Include="..\..\..\djinni-output-temp\cppcli\*.cpp" />
    <ClCompile Include="..\..\..\djinni-output-temp\cppcli\*.cpp" />
    <ClCompile Include="..\..\..\djinni-output-temp\cppcli\*.cpp" />
    <ClCompile Include="..\..\..\djinni-output-temp\cppcli\*.cpp" />
    <ClCompile Include="..\..\..\djinni-output-temp\cppcli\*.cpp" />
    <ClCompile Include="..\..\..\djinni-output-temp\cppcli\*.cpp" />
    <ClCompile Include="..\..\..\djinni-output-temp\cppcli\*.cpp" />
    <ClCompile Include="..\..\..\djinni-output-temp\cppcli\*.cpp" />
    <ClCompile Include="..\..\..\djinni-output-temp\cppcli\*.cpp" />
    <ClCompile Include="..\..\..\djinni-output-temp\cppcli\*.cpp" />
    <ClCompile Include="..\..\..\djinni-output-temp\cppcli\*.cpp" />
    <ClCompile Include="..\..\..\djinni-output-temp\cppcli\*.cpp" />
    <ClCompile Include="..\..\..\djinni-output-temp\cppcli\*.cpp" />
    <ClCompile Include="..\..\..\djinni-output-temp\cppcli\*.cpp" />
    <ClCompile Include="..\..\..\djinni-output-temp\cppcli\*.cpp" />
    <ClCompile Include="..\..\..\djinni-output-temp\cppcli\*.cpp" />
    <ClCompile Include="..\..\..\djinni-output-temp\cppcli\*.cpp" />
    <ClCompile Include="..\..\..\djinni-output-temp\cppcli\*.cpp" />
    <ClCompile Include="..\..\..\djinni-output-temp\cppcli\*.cpp" />
    <ClCompile Include="..\..\..\djinni-output-temp\cppcli\*.cpp" />
    <ClCompile Include="..\..\..\djinni-output-temp\cppcli\*.cpp" />
    <ClCompile Include="..\..\..\djinni-output-temp\cppcli\*.cpp" />
    <ClCompile Include="..\..\..\djinni-output-temp\cppcli\*.cpp" />
    <ClCompile Include="..\..\..\djinni-output-temp\cppcli\*.cpp" />
    <ClCompile Include="..\..\..\djinni-output-temp\cppcli\*.cpp" />
    <ClCompile Include="..\..\..\djinni-output-temp\cppcli\*.cpp" />
    <ClCompile Include="..\..\..\djinni-output-temp\cppcli\*.cpp" />
    <ClCompile Include="..\..\..\djinni-output-temp\cppcli\*.cpp" />
    <ClCompile Include="..\..\..\djinni-output-temp\cppcli\*.cpp" />
    <ClCompile Include="..\..\..\djinni-output-temp\cppcli\*.cpp" />
    <ClCompile Include="..\..\..\djinni-output-temp\cppcli\*.cpp" />
    <ClCompile Include="..\..\..\djinni-output-temp\cppcli\*.cpp" />
    <ClCompile Include="..\..\..\djinni-output-temp\cppcli\*.cpp" />
    <ClCompile Include="..\..\..\djinni-output-temp\cppcli\*.cpp" />
    <ClCompile Include="..\..\..\djinni-output-temp\cppcli\*.cpp" />
    <ClCompile Include="..\..\..\djinni-output-temp\cppcli\*.cpp" />
    <ClCompile Include="..\..\..\djinni-output-temp\cppcli\*.cpp" />
    <ClCompile Include="..\..\..\djinni-output-temp\cppcli\*.cpp" />
    <ClCompile Include="..\..\..\djinni-output-temp\cppcli\*.cpp" />
    <ClCompile Include="..\..\..\djinni-output-temp\cppcli\*.cpp" />
    <ClCompile Include="..\..\..\djinni-output-temp\cppcli\*.cpp" />
    <ClCompile Include="..\..\..\djinni-output-temp\cppcli\*.cpp" />
    <ClCompile Include="..\..\..\djinni-output-temp\cppcli\*.cpp" />
    <ClCompile Include="..\..\..\djinni-output-temp\cppcli\*.cpp" />
    <ClCompile Include="..\..\..\djinni-output-temp\cppcli\*.cpp" />
    <ClCompile Include="..\..\..\djinni-output-temp\cppcli\*.cpp" />
    <ClCompile Include="..\..\..\djinni-output-temp\cppcli\*.cpp" />
    <ClCompile Include="..\..\..\djinni-output-temp\cppcli\*.cpp" />
    <ClCompile Include="..\..\..\djinni-output-temp\cppcli\*.cpp" />
    <ClCompile Include="..\..\..\djinni-output-temp\cppcli\*.cpp" />
    <ClCompile Include="..\..\..\djinni-output-temp\cppcli\*.cpp" />
    <ClCompile Include="..\..\..\djinni-output-temp\cppcli\*.cpp" />
    <ClCompile Include="..\..\..\djinni-output-temp\cppcli\*.cpp" />
    <ClCompile Include="..\..\..\djinni-output-temp\cppcli\*.cpp" />
    <ClCompile Include="..\..\..\djinni-output-temp\cppcli\*.cpp" />
    <ClCompile Include="..\..\..\djinni-output-temp\cppcli\*.cpp" />
    <ClCompile Include="..\..\..\djinni-output-temp\cppcli\*.cpp" />
    <ClCompile Include="..\..\..\djinni-output-temp\cppcli\*.cpp" />
    <ClCompile Include="..\..\..\djinni-output-temp\cppcli\*.cpp" />
    <ClCompile Include="..\..\..\djinni-output-temp\cppcli\*.cpp" />
  </ItemGroup>
  <ItemGroup>
    <ClInclude Include="Stdafx.h" />
    <ClInclude Include="..\..\..\djinni-output-temp\cppcli\*.h" />
    <ClInclude Include="..\..\..\djinni-output-temp\cppcli\*.h" />
    <ClInclude Include="..\..\..\djinni-output-temp\cppcli\*.h" />
    <ClInclude Include="..\..\..\djinni-output-temp\cppcli\*.h" />
    <ClInclude Include="..\..\..\djinni-output-temp\cppcli\*.h" />
    <ClInclude Include="..\..\..\djinni-output-temp\cppcli\*.h" />
    <ClInclude Include="..\..\..\djinni-output-temp\cppcli\*.h" />
    <ClInclude Include="..\..\..\djinni-output-temp\cppcli\*.h" />
    <ClInclude Include="..\..\..\djinni-output-temp\cppcli\*.h" />
    <ClInclude Include="..\..\..\djinni-output-temp\cppcli\*.h" />
    <ClInclude Include="..\..\..\djinni-output-temp\cppcli\*.h" />
    <ClInclude Include="..\..\..\djinni-output-temp\cppcli\*.h" />
    <ClInclude Include="..\..\..\djinni-output-temp\cppcli\*.h" />
    <ClInclude Include="..\..\..\djinni-output-temp\cppcli\*.h" />
    <ClInclude Include="..\..\..\djinni-output-temp\cppcli\*.h" />
    <ClInclude Include="..\..\..\djinni-output-temp\cppcli\*.h" />
    <ClInclude Include="..\..\..\djinni-output-temp\cppcli\*.h" />
    <ClInclude Include="..\..\..\djinni-output-temp\cppcli\*.h" />
    <ClInclude Include="..\..\..\djinni-output-temp\cppcli\*.h" />
    <ClInclude Include="..\..\..\djinni-output-temp\cppcli\*.h" />
    <ClInclude Include="..\..\..\djinni-output-temp\cppcli\*.h" />
    <ClInclude Include="..\..\..\djinni-output-temp\cppcli\*.h" />
    <ClInclude Include="..\..\..\djinni-output-temp\cppcli\*.h" />
    <ClInclude Include="..\..\..\djinni-output-temp\cppcli\*.h" />
    <ClInclude Include="..\..\..\djinni-output-temp\cppcli\*.h" />
    <ClInclude Include="..\..\..\djinni-output-temp\cppcli\*.h" />
    <ClInclude Include="..\..\..\djinni-output-temp\cppcli\*.h" />
    <ClInclude Include="..\..\..\djinni-output-temp\cppcli\*.h" />
    <ClInclude Include="..\..\..\djinni-output-temp\cppcli\*.h" />
    <ClInclude Include="..\..\..\djinni-output-temp\cppcli\*.h" />
    <ClInclude Include="..\..\..\djinni-output-temp\cppcli\*.h" />
    <ClInclude Include="..\..\..\djinni-output-temp\cppcli\*.h" />
    <ClInclude Include="..\..\..\djinni-output-temp\cppcli\*.h" />
    <ClInclude Include="..\..\..\djinni-output-temp\cppcli\*.h" />
    <ClInclude Include="..\..\..\djinni-output-temp\cppcli\*.h" />
    <ClInclude Include="..\..\..\djinni-output-temp\cppcli\*.h" />
    <ClInclude Include="..\..\..\djinni-output-temp\cppcli\*.h" />
    <ClInclude Include="..\..\..\djinni-output-temp\cppcli\*.h" />
    <ClInclude Include="..\..\..\djinni-output-temp\cppcli\*.h" />
    <ClInclude Include="..\..\..\djinni-output-temp\cppcli\*.h" />
    <ClInclude Include="..\..\..\djinni-output-temp\cppcli\*.h" />
    <ClInclude Include="..\..\..\djinni-output-temp\cppcli\*.h" />
    <ClInclude Include="..\..\..\djinni-output-temp\cppcli\*.h" />
    <ClInclude Include="..\..\..\djinni-output-temp\cppcli\*.h" />
    <ClInclude Include="..\..\..\djinni-output-temp\cppcli\*.h" />
    <ClInclude Include="..\..\..\djinni-output-temp\cppcli\*.h" />
    <ClInclude Include="..\..\..\djinni-output-temp\cppcli\*.h" />
    <ClInclude Include="..\..\..\djinni-output-temp\cppcli\*.h" />
    <ClInclude Include="..\..\..\djinni-output-temp\cppcli\*.h" />
    <ClInclude Include="..\..\..\djinni-output-temp\cppcli\*.h" />
    <ClInclude Include="..\..\..\djinni-output-temp\cppcli\*.h" />
    <ClInclude Include="..\..\..\djinni-output-temp\cppcli\*.h" />
    <ClInclude Include="..\..\..\djinni-output-temp\cppcli\*.h" />
    <ClInclude Include="..\..\..\djinni-output-temp\cppcli\*.h" />
    <ClInclude Include="..\..\..\djinni-output-temp\cppcli\*.h" />
    <ClInclude Include="..\..\..\djinni-output-temp\cppcli\*.h" />
    <ClInclude Include="..\..\..\djinni-output-temp\cppcli\*.h" />
    <ClInclude Include="..\..\..\djinni-output-temp\cppcli\*.hpp" />
    <ClInclude Include="..\..\..\djinni-output-temp\cppcli\*.hpp" />
    <ClInclude Include="..\..\..\djinni-output-temp\cppcli\*.hpp" />
    <ClInclude Include="..\..\..\djinni-output-temp\cppcli\*.hpp" />
    <ClInclude Include="..\..\..\djinni-output-temp\cppcli\*.hpp" />
    <ClInclude Include="..\..\..\djinni-output-temp\cppcli\*.hpp" />
    <ClInclude Include="..\..\..\djinni-output-temp\cppcli\*.hpp" />
    <ClInclude Include="..\..\..\djinni-output-temp\cppcli\*.hpp" />
    <ClInclude Include="..\..\..\djinni-output-temp\cppcli\*.hpp" />
    <ClInclude Include="..\..\..\djinni-output-temp\cppcli\*.hpp" />
    <ClInclude Include="..\..\..\djinni-output-temp\cppcli\*.hpp" />
    <ClInclude Include="..\..\..\djinni-output-temp\cppcli\*.hpp" />
    <ClInclude Include="..\..\..\djinni-output-temp\cppcli\*.hpp" />
    <ClInclude Include="..\..\..\djinni-output-temp\cppcli\*.hpp" />
    <ClInclude Include="..\..\..\djinni-output-temp\cppcli\*.hpp" />
    <ClInclude Include="..\..\..\djinni-output-temp\cppcli\*.hpp" />
    <ClInclude Include="..\..\..\djinni-output-temp\cppcli\*.hpp" />
    <ClInclude Include="..\..\..\djinni-output-temp\cppcli\*.hpp" />
    <ClInclude Include="..\..\..\djinni-output-temp\cppcli\*.hpp" />
    <ClInclude Include="..\..\..\djinni-output-temp\cppcli\*.hpp" />
    <ClInclude Include="..\..\..\djinni-output-temp\cppcli\*.hpp" />
    <ClInclude Include="..\..\..\djinni-output-temp\cppcli\*.hpp" />
    <ClInclude Include="..\..\..\djinni-output-temp\cppcli\*.hpp" />
    <ClInclude Include="..\..\..\djinni-output-temp\cppcli\*.hpp" />
    <ClInclude Include="..\..\..\djinni-output-temp\cppcli\*.hpp" />
    <ClInclude Include="..\..\..\djinni-output-temp\cppcli\*.hpp" />
    <ClInclude Include="..\..\..\djinni-output-temp\cppcli\*.hpp" />
    <ClInclude Include="..\..\..\djinni-output-temp\cppcli\*.hpp" />
    <ClInclude Include="..\..\..\djinni-output-temp\cppcli\*.hpp" />
    <ClInclude Include="..\..\..\djinni-output-temp\cppcli\*.hpp" />
    <ClInclude Include="..\..\..\djinni-output-temp\cppcli\*.hpp" />
    <ClInclude Include="..\..\..\djinni-output-temp\cppcli\*.hpp" />
    <ClInclude Include="..\..\..\djinni-output-temp\cppcli\*.hpp" />
    <ClInclude Include="..\..\..\djinni-output-temp\cppcli\*.hpp" />
    <ClInclude Include="..\..\..\djinni-output-temp\cppcli\*.hpp" />
    <ClInclude Include="..\..\..\djinni-output-temp\cppcli\*.hpp" />
    <ClInclude Include="..\..\..\djinni-output-temp\cppcli\*.hpp" />
    <ClInclude Include="..\..\..\djinni-output-temp\cppcli\*.hpp" />
    <ClInclude Include="..\..\..\djinni-output-temp\cppcli\*.hpp" />
    <ClInclude Include="..\..\..\djinni-output-temp\cppcli\*.hpp" />
    <ClInclude Include="..\..\..\djinni-output-temp\cppcli\*.hpp" />
    <ClInclude Include="..\..\..\djinni-output-temp\cppcli\*.hpp" />
    <ClInclude Include="..\..\..\djinni-output-temp\cppcli\*.hpp" />
    <ClInclude Include="..\..\..\djinni-output-temp\cppcli\*.hpp" />
    <ClInclude Include="..\..\..\djinni-output-temp\cppcli\*.hpp" />
    <ClInclude Include="..\..\..\djinni-output-temp\cppcli\*.hpp" />
    <ClInclude Include="..\..\..\djinni-output-temp\cppcli\*.hpp" />
    <ClInclude Include="..\..\..\djinni-output-temp\cppcli\*.hpp" />
    <ClInclude Include="..\..\..\djinni-output-temp\cppcli\*.hpp" />
    <ClInclude Include="..\..\..\djinni-output-temp\cppcli\*.hpp" />
    <ClInclude Include="..\..\..\djinni-output-temp\cppcli\*.hpp" />
    <ClInclude Include="..\..\..\djinni-output-temp\cppcli\*.hpp" />
    <ClInclude Include="..\..\..\djinni-output-temp\cppcli\*.hpp" />
    <ClInclude Include="..\..\..\djinni-output-temp\cppcli\*.hpp" />
    <ClInclude Include="..\..\..\djinni-output-temp\cppcli\*.hpp" />
    <ClInclude Include="..\..\..\djinni-output-temp\cppcli\*.hpp" />
    <ClInclude Include="..\..\..\djinni-output-temp\cppcli\*.hpp" />
    <ClInclude Include="..\..\..\djinni-output-temp\cppcli\*.hpp" />
    <ClInclude Include="..\..\..\djinni-output-temp\cppcli\*.hpp" />
    <ClInclude Include="..\..\..\djinni-output-temp\cppcli\*.hpp" />
    <ClInclude Include="..\..\..\djinni-output-temp\cppcli\*.hpp" />
    <ClInclude Include="..\..\..\djinni-output-temp\cppcli\*.hpp" />
    <ClInclude Include="..\..\..\djinni-output-temp\cppcli\*.hpp" />
    <ClInclude Include="..\..\..\djinni-output-temp\cppcli\*.hpp" />
    <ClInclude Include="..\..\..\djinni-output-temp\cppcli\*.hpp" />
    <ClInclude Include="..\..\..\djinni-output-temp\cppcli\*.hpp" />
    <ClInclude Include="..\..\..\djinni-output-temp\cppcli\*.hpp" />
    <ClInclude Include="..\..\..\djinni-output-temp\cppcli\*.hpp" />
    <ClInclude Include="..\..\..\djinni-output-temp\cppcli\*.hpp" />
    <ClInclude Include="..\..\..\djinni-output-temp\cppcli\*.hpp" />
    <ClInclude Include="..\..\..\djinni-output-temp\cppcli\*.hpp" />
    <ClInclude Include="..\..\..\djinni-output-temp\cppcli\*.hpp" />
    <ClInclude Include="..\..\..\djinni-output-temp\cppcli\*.hpp" />
    <ClInclude Include="..\..\..\djinni-output-temp\cppcli\*.hpp" />
    <ClInclude Include="..\..\..\djinni-output-temp\cppcli\*.hpp" />
    <ClInclude Include="..\..\..\djinni-output-temp\cppcli\*.hpp" />
    <ClInclude Include="..\..\..\djinni-output-temp\cppcli\*.hpp" />
    <ClInclude Include="..\..\..\djinni-output-temp\cppcli\*.hpp" />
    <ClInclude Include="..\..\..\djinni-output-temp\cppcli\*.hpp" />
    <ClInclude Include="..\..\..\djinni-output-temp\cppcli\*.hpp" />
    <ClInclude Include="..\..\..\djinni-output-temp\cppcli\*.hpp" />
    <ClInclude Include="..\..\..\djinni-output-temp\cppcli\*.hpp" />
    <ClInclude Include="..\..\..\djinni-output-temp\cppcli\*.hpp" />
    <ClInclude Include="..\..\..\djinni-output-temp\cppcli\*.hpp" />
    <ClInclude Include="..\..\..\djinni-output-temp\cppcli\*.hpp" />
    <ClInclude Include="..\..\..\djinni-output-temp\cppcli\*.hpp" />
    <ClInclude Include="..\..\..\djinni-output-temp\cppcli\*.hpp" />
    <ClInclude Include="..\..\..\djinni-output-temp\cppcli\*.hpp" />
    <ClInclude Include="..\..\..\djinni-output-temp\cppcli\*.hpp" />
    <ClInclude Include="..\..\..\djinni-output-temp\cppcli\*.hpp" />
    <ClInclude Include="..\..\..\djinni-output-temp\cppcli\*.hpp" />
    <ClInclude Include="..\..\..\djinni-output-temp\cppcli\*.hpp" />
    <ClInclude Include="..\..\..\djinni-output-temp\cppcli\*.hpp" />
    <ClInclude Include="..\..\..\djinni-output-temp\cppcli\*.hpp" />
    <ClInclude Include="..\..\..\djinni-output-temp\cppcli\*.hpp" />
    <ClInclude Include="..\..\..\djinni-output-temp\cppcli\*.hpp" />
    <ClInclude Include="..\..\..\djinni-output-temp\cppcli\*.hpp" />
    <ClInclude Include="..\..\..\djinni-output-temp\cppcli\*.hpp" />
    <ClInclude Include="..\..\..\djinni-output-temp\cppcli\*.hpp" />
    <ClInclude Include="..\..\..\djinni-output-temp\cppcli\*.hpp" />
    <ClInclude Include="..\..\..\djinni-output-temp\cppcli\*.hpp" />
    <ClInclude Include="..\..\..\djinni-output-temp\cppcli\*.hpp" />
    <ClInclude Include="..\..\..\djinni-output-temp\cppcli\*.hpp" />
    <ClInclude Include="..\..\..\djinni-output-temp\cppcli\*.hpp" />
    <ClInclude Include="..\..\..\djinni-output-temp\cppcli\*.hpp" />
    <ClInclude Include="..\..\..\djinni-output-temp\cppcli\*.hpp" />
    <ClInclude Include="..\..\..\djinni-output-temp\cppcli\*.hpp" />
    <ClInclude Include="..\..\..\djinni-output-temp\cppcli\*.hpp" />
    <ClInclude Include="..\..\..\djinni-output-temp\cppcli\*.hpp" />
    <ClInclude Include="..\..\..\djinni-output-temp\cppcli\*.hpp" />
    <ClInclude Include="..\..\..\djinni-output-temp\cppcli\*.hpp" />
    <ClInclude Include="..\..\..\djinni-output-temp\cppcli\*.hpp" />
    <ClInclude Include="..\..\..\djinni-output-temp\cppcli\*.hpp" />
    <ClInclude Include="..\..\..\..\support-lib\cppcli\*.hpp" />
  </ItemGroup>
</Project>